
Microsoft Visual Studio Solution File, Format Version 12.00
# Visual Studio Version 17
VisualStudioVersion = 17.5.33502.453
MinimumVisualStudioVersion = 10.0.40219.1
Project("{FAE04EC0-301F-11D3-BF4B-00C04F79EFBC}") = "mcv2", "mcv2\mcv2.csproj", "{3AB90BC2-46C3-4F90-A5EB-B297534866ED}"
EndProject
Global
	GlobalSection(SolutionConfigurationPlatforms) = preSolution
		Debug|Any CPU = Debug|Any CPU
		Release|Any CPU = Release|Any CPU
	EndGlobalSection
	GlobalSection(ProjectConfigurationPlatforms) = postSolution
		{3AB90BC2-46C3-4F90-A5EB-B297534866ED}.Debug|Any CPU.ActiveCfg = Debug|Any CPU
		{3AB90BC2-46C3-4F90-A5EB-B297534866ED}.Debug|Any CPU.Build.0 = Debug|Any CPU
		{3AB90BC2-46C3-4F90-A5EB-B297534866ED}.Release|Any CPU.ActiveCfg = Release|Any CPU
		{3AB90BC2-46C3-4F90-A5EB-B297534866ED}.Release|Any CPU.Build.0 = Release|Any CPU
	EndGlobalSection
	GlobalSection(SolutionProperties) = preSolution
		HideSolutionNode = FALSE
	EndGlobalSection
	GlobalSection(ExtensibilityGlobals) = postSolution
		SolutionGuid = {8A01C37F-80D4-428B-BFB3-76DD7C53879C}
	EndGlobalSection
EndGlobal
