
Microsoft Visual Studio Solution File, Format Version 12.00
# Visual Studio Version 17
VisualStudioVersion = 17.5.33502.453
MinimumVisualStudioVersion = 10.0.40219.1
Project("{FAE04EC0-301F-11D3-BF4B-00C04F79EFBC}") = "create employee with this keyword", "create employee with this keyword\create employee with this keyword.csproj", "{6533B317-0511-4795-B83C-D8023584854A}"
EndProject
Global
	GlobalSection(SolutionConfigurationPlatforms) = preSolution
		Debug|Any CPU = Debug|Any CPU
		Release|Any CPU = Release|Any CPU
	EndGlobalSection
	GlobalSection(ProjectConfigurationPlatforms) = postSolution
		{6533B317-0511-4795-B83C-D8023584854A}.Debug|Any CPU.ActiveCfg = Debug|Any CPU
		{6533B317-0511-4795-B83C-D8023584854A}.Debug|Any CPU.Build.0 = Debug|Any CPU
		{6533B317-0511-4795-B83C-D8023584854A}.Release|Any CPU.ActiveCfg = Release|Any CPU
		{6533B317-0511-4795-B83C-D8023584854A}.Release|Any CPU.Build.0 = Release|Any CPU
	EndGlobalSection
	GlobalSection(SolutionProperties) = preSolution
		HideSolutionNode = FALSE
	EndGlobalSection
	GlobalSection(ExtensibilityGlobals) = postSolution
		SolutionGuid = {06F534B2-D9A8-4EBA-80B6-5303A5C14CE2}
	EndGlobalSection
EndGlobal
