
Microsoft Visual Studio Solution File, Format Version 12.00
# Visual Studio Version 17
VisualStudioVersion = 17.5.33502.453
MinimumVisualStudioVersion = 10.0.40219.1
Project("{FAE04EC0-301F-11D3-BF4B-00C04F79EFBC}") = "Employee1", "Employee1\Employee1.csproj", "{76D9D846-C93C-4BAE-B3F6-AC967121ABA1}"
EndProject
Global
	GlobalSection(SolutionConfigurationPlatforms) = preSolution
		Debug|Any CPU = Debug|Any CPU
		Release|Any CPU = Release|Any CPU
	EndGlobalSection
	GlobalSection(ProjectConfigurationPlatforms) = postSolution
		{76D9D846-C93C-4BAE-B3F6-AC967121ABA1}.Debug|Any CPU.ActiveCfg = Debug|Any CPU
		{76D9D846-C93C-4BAE-B3F6-AC967121ABA1}.Debug|Any CPU.Build.0 = Debug|Any CPU
		{76D9D846-C93C-4BAE-B3F6-AC967121ABA1}.Release|Any CPU.ActiveCfg = Release|Any CPU
		{76D9D846-C93C-4BAE-B3F6-AC967121ABA1}.Release|Any CPU.Build.0 = Release|Any CPU
	EndGlobalSection
	GlobalSection(SolutionProperties) = preSolution
		HideSolutionNode = FALSE
	EndGlobalSection
	GlobalSection(ExtensibilityGlobals) = postSolution
		SolutionGuid = {3C77F871-2C4D-431E-94D4-EBDCEDD03398}
	EndGlobalSection
EndGlobal
