
Microsoft Visual Studio Solution File, Format Version 12.00
# Visual Studio Version 17
VisualStudioVersion = 17.5.33502.453
MinimumVisualStudioVersion = 10.0.40219.1
Project("{FAE04EC0-301F-11D3-BF4B-00C04F79EFBC}") = "39 program", "39 program\39 program.csproj", "{738C49B5-A896-4D8C-9C29-3170E2DAAFAB}"
EndProject
Global
	GlobalSection(SolutionConfigurationPlatforms) = preSolution
		Debug|Any CPU = Debug|Any CPU
		Release|Any CPU = Release|Any CPU
	EndGlobalSection
	GlobalSection(ProjectConfigurationPlatforms) = postSolution
		{738C49B5-A896-4D8C-9C29-3170E2DAAFAB}.Debug|Any CPU.ActiveCfg = Debug|Any CPU
		{738C49B5-A896-4D8C-9C29-3170E2DAAFAB}.Debug|Any CPU.Build.0 = Debug|Any CPU
		{738C49B5-A896-4D8C-9C29-3170E2DAAFAB}.Release|Any CPU.ActiveCfg = Release|Any CPU
		{738C49B5-A896-4D8C-9C29-3170E2DAAFAB}.Release|Any CPU.Build.0 = Release|Any CPU
	EndGlobalSection
	GlobalSection(SolutionProperties) = preSolution
		HideSolutionNode = FALSE
	EndGlobalSection
	GlobalSection(ExtensibilityGlobals) = postSolution
		SolutionGuid = {14B23819-E8C8-414D-89F3-552A85C6B4C3}
	EndGlobalSection
EndGlobal
