
Microsoft Visual Studio Solution File, Format Version 12.00
# Visual Studio Version 17
VisualStudioVersion = 17.5.33502.453
MinimumVisualStudioVersion = 10.0.40219.1
Project("{FAE04EC0-301F-11D3-BF4B-00C04F79EFBC}") = "mvc1", "mvc1\mvc1.csproj", "{23C85029-186C-4716-A3B5-3C39C7F99520}"
EndProject
Global
	GlobalSection(SolutionConfigurationPlatforms) = preSolution
		Debug|Any CPU = Debug|Any CPU
		Release|Any CPU = Release|Any CPU
	EndGlobalSection
	GlobalSection(ProjectConfigurationPlatforms) = postSolution
		{23C85029-186C-4716-A3B5-3C39C7F99520}.Debug|Any CPU.ActiveCfg = Debug|Any CPU
		{23C85029-186C-4716-A3B5-3C39C7F99520}.Debug|Any CPU.Build.0 = Debug|Any CPU
		{23C85029-186C-4716-A3B5-3C39C7F99520}.Release|Any CPU.ActiveCfg = Release|Any CPU
		{23C85029-186C-4716-A3B5-3C39C7F99520}.Release|Any CPU.Build.0 = Release|Any CPU
	EndGlobalSection
	GlobalSection(SolutionProperties) = preSolution
		HideSolutionNode = FALSE
	EndGlobalSection
	GlobalSection(ExtensibilityGlobals) = postSolution
		SolutionGuid = {9490AC24-08E6-41DD-8295-BD54E155F495}
	EndGlobalSection
EndGlobal
