
Microsoft Visual Studio Solution File, Format Version 12.00
# Visual Studio Version 17
VisualStudioVersion = 17.5.33502.453
MinimumVisualStudioVersion = 10.0.40219.1
Project("{FAE04EC0-301F-11D3-BF4B-00C04F79EFBC}") = "Array 9 find common element btwn two array", "Array 9 find common element btwn two array\Array 9 find common element btwn two array.csproj", "{4D1E654A-C597-44C5-9349-E3E1A5B7C0DD}"
EndProject
Global
	GlobalSection(SolutionConfigurationPlatforms) = preSolution
		Debug|Any CPU = Debug|Any CPU
		Release|Any CPU = Release|Any CPU
	EndGlobalSection
	GlobalSection(ProjectConfigurationPlatforms) = postSolution
		{4D1E654A-C597-44C5-9349-E3E1A5B7C0DD}.Debug|Any CPU.ActiveCfg = Debug|Any CPU
		{4D1E654A-C597-44C5-9349-E3E1A5B7C0DD}.Debug|Any CPU.Build.0 = Debug|Any CPU
		{4D1E654A-C597-44C5-9349-E3E1A5B7C0DD}.Release|Any CPU.ActiveCfg = Release|Any CPU
		{4D1E654A-C597-44C5-9349-E3E1A5B7C0DD}.Release|Any CPU.Build.0 = Release|Any CPU
	EndGlobalSection
	GlobalSection(SolutionProperties) = preSolution
		HideSolutionNode = FALSE
	EndGlobalSection
	GlobalSection(ExtensibilityGlobals) = postSolution
		SolutionGuid = {B5E97E56-52D2-4836-901A-AEBBD9ECFF71}
	EndGlobalSection
EndGlobal
