
Microsoft Visual Studio Solution File, Format Version 12.00
# Visual Studio Version 17
VisualStudioVersion = 17.5.33502.453
MinimumVisualStudioVersion = 10.0.40219.1
Project("{FAE04EC0-301F-11D3-BF4B-00C04F79EFBC}") = "for each 1", "for each 1\for each 1.csproj", "{3F46ADDA-00F0-4C6F-8605-AF2FD51A67BE}"
EndProject
Global
	GlobalSection(SolutionConfigurationPlatforms) = preSolution
		Debug|Any CPU = Debug|Any CPU
		Release|Any CPU = Release|Any CPU
	EndGlobalSection
	GlobalSection(ProjectConfigurationPlatforms) = postSolution
		{3F46ADDA-00F0-4C6F-8605-AF2FD51A67BE}.Debug|Any CPU.ActiveCfg = Debug|Any CPU
		{3F46ADDA-00F0-4C6F-8605-AF2FD51A67BE}.Debug|Any CPU.Build.0 = Debug|Any CPU
		{3F46ADDA-00F0-4C6F-8605-AF2FD51A67BE}.Release|Any CPU.ActiveCfg = Release|Any CPU
		{3F46ADDA-00F0-4C6F-8605-AF2FD51A67BE}.Release|Any CPU.Build.0 = Release|Any CPU
	EndGlobalSection
	GlobalSection(SolutionProperties) = preSolution
		HideSolutionNode = FALSE
	EndGlobalSection
	GlobalSection(ExtensibilityGlobals) = postSolution
		SolutionGuid = {1C3529A1-3D41-48EF-BB21-575F0BBD74FD}
	EndGlobalSection
EndGlobal
