
Microsoft Visual Studio Solution File, Format Version 12.00
# Visual Studio Version 17
VisualStudioVersion = 17.5.33502.453
MinimumVisualStudioVersion = 10.0.40219.1
Project("{FAE04EC0-301F-11D3-BF4B-00C04F79EFBC}") = "assignment employee 1.1", "assignment employee 1.1\assignment employee 1.1.csproj", "{119F7AD7-2F63-41F1-8386-950F3DD43C91}"
EndProject
Global
	GlobalSection(SolutionConfigurationPlatforms) = preSolution
		Debug|Any CPU = Debug|Any CPU
		Release|Any CPU = Release|Any CPU
	EndGlobalSection
	GlobalSection(ProjectConfigurationPlatforms) = postSolution
		{119F7AD7-2F63-41F1-8386-950F3DD43C91}.Debug|Any CPU.ActiveCfg = Debug|Any CPU
		{119F7AD7-2F63-41F1-8386-950F3DD43C91}.Debug|Any CPU.Build.0 = Debug|Any CPU
		{119F7AD7-2F63-41F1-8386-950F3DD43C91}.Release|Any CPU.ActiveCfg = Release|Any CPU
		{119F7AD7-2F63-41F1-8386-950F3DD43C91}.Release|Any CPU.Build.0 = Release|Any CPU
	EndGlobalSection
	GlobalSection(SolutionProperties) = preSolution
		HideSolutionNode = FALSE
	EndGlobalSection
	GlobalSection(ExtensibilityGlobals) = postSolution
		SolutionGuid = {E7408B3F-4627-4B0E-8509-E67501E9DEDD}
	EndGlobalSection
EndGlobal
