
Microsoft Visual Studio Solution File, Format Version 12.00
# Visual Studio Version 17
VisualStudioVersion = 17.5.33502.453
MinimumVisualStudioVersion = 10.0.40219.1
Project("{FAE04EC0-301F-11D3-BF4B-00C04F79EFBC}") = "12 dtyp short", "12 dtyp short\12 dtyp short.csproj", "{813A76F9-58AA-4745-A7F9-5683373B3045}"
EndProject
Global
	GlobalSection(SolutionConfigurationPlatforms) = preSolution
		Debug|Any CPU = Debug|Any CPU
		Release|Any CPU = Release|Any CPU
	EndGlobalSection
	GlobalSection(ProjectConfigurationPlatforms) = postSolution
		{813A76F9-58AA-4745-A7F9-5683373B3045}.Debug|Any CPU.ActiveCfg = Debug|Any CPU
		{813A76F9-58AA-4745-A7F9-5683373B3045}.Debug|Any CPU.Build.0 = Debug|Any CPU
		{813A76F9-58AA-4745-A7F9-5683373B3045}.Release|Any CPU.ActiveCfg = Release|Any CPU
		{813A76F9-58AA-4745-A7F9-5683373B3045}.Release|Any CPU.Build.0 = Release|Any CPU
	EndGlobalSection
	GlobalSection(SolutionProperties) = preSolution
		HideSolutionNode = FALSE
	EndGlobalSection
	GlobalSection(ExtensibilityGlobals) = postSolution
		SolutionGuid = {7432F20A-D6E6-435E-98E2-6B115E68E3B2}
	EndGlobalSection
EndGlobal
