
Microsoft Visual Studio Solution File, Format Version 12.00
# Visual Studio Version 17
VisualStudioVersion = 17.5.33502.453
MinimumVisualStudioVersion = 10.0.40219.1
Project("{FAE04EC0-301F-11D3-BF4B-00C04F79EFBC}") = "customer field & method", "customer field & method\customer field & method.csproj", "{ABF92408-D05B-49D3-A44E-3EF7C7FF8AFF}"
EndProject
Global
	GlobalSection(SolutionConfigurationPlatforms) = preSolution
		Debug|Any CPU = Debug|Any CPU
		Release|Any CPU = Release|Any CPU
	EndGlobalSection
	GlobalSection(ProjectConfigurationPlatforms) = postSolution
		{ABF92408-D05B-49D3-A44E-3EF7C7FF8AFF}.Debug|Any CPU.ActiveCfg = Debug|Any CPU
		{ABF92408-D05B-49D3-A44E-3EF7C7FF8AFF}.Debug|Any CPU.Build.0 = Debug|Any CPU
		{ABF92408-D05B-49D3-A44E-3EF7C7FF8AFF}.Release|Any CPU.ActiveCfg = Release|Any CPU
		{ABF92408-D05B-49D3-A44E-3EF7C7FF8AFF}.Release|Any CPU.Build.0 = Release|Any CPU
	EndGlobalSection
	GlobalSection(SolutionProperties) = preSolution
		HideSolutionNode = FALSE
	EndGlobalSection
	GlobalSection(ExtensibilityGlobals) = postSolution
		SolutionGuid = {F671B307-93AA-48CF-9701-2FE3D9D44B23}
	EndGlobalSection
EndGlobal
