
Microsoft Visual Studio Solution File, Format Version 12.00
# Visual Studio Version 17
VisualStudioVersion = 17.5.33502.453
MinimumVisualStudioVersion = 10.0.40219.1
Project("{FAE04EC0-301F-11D3-BF4B-00C04F79EFBC}") = "MVC6", "MVC6\MVC6.csproj", "{6F208EA9-715B-4C24-89A3-04911E75CD15}"
EndProject
Global
	GlobalSection(SolutionConfigurationPlatforms) = preSolution
		Debug|Any CPU = Debug|Any CPU
		Release|Any CPU = Release|Any CPU
	EndGlobalSection
	GlobalSection(ProjectConfigurationPlatforms) = postSolution
		{6F208EA9-715B-4C24-89A3-04911E75CD15}.Debug|Any CPU.ActiveCfg = Debug|Any CPU
		{6F208EA9-715B-4C24-89A3-04911E75CD15}.Debug|Any CPU.Build.0 = Debug|Any CPU
		{6F208EA9-715B-4C24-89A3-04911E75CD15}.Release|Any CPU.ActiveCfg = Release|Any CPU
		{6F208EA9-715B-4C24-89A3-04911E75CD15}.Release|Any CPU.Build.0 = Release|Any CPU
	EndGlobalSection
	GlobalSection(SolutionProperties) = preSolution
		HideSolutionNode = FALSE
	EndGlobalSection
	GlobalSection(ExtensibilityGlobals) = postSolution
		SolutionGuid = {12D942E7-662C-4825-847F-3D844372458E}
	EndGlobalSection
EndGlobal
