
Microsoft Visual Studio Solution File, Format Version 12.00
# Visual Studio Version 17
VisualStudioVersion = 17.5.33502.453
MinimumVisualStudioVersion = 10.0.40219.1
Project("{FAE04EC0-301F-11D3-BF4B-00C04F79EFBC}") = "Exception", "Exception\Exception.csproj", "{F94C3121-47C6-4D25-B8BF-214218571DDA}"
EndProject
Global
	GlobalSection(SolutionConfigurationPlatforms) = preSolution
		Debug|Any CPU = Debug|Any CPU
		Release|Any CPU = Release|Any CPU
	EndGlobalSection
	GlobalSection(ProjectConfigurationPlatforms) = postSolution
		{F94C3121-47C6-4D25-B8BF-214218571DDA}.Debug|Any CPU.ActiveCfg = Debug|Any CPU
		{F94C3121-47C6-4D25-B8BF-214218571DDA}.Debug|Any CPU.Build.0 = Debug|Any CPU
		{F94C3121-47C6-4D25-B8BF-214218571DDA}.Release|Any CPU.ActiveCfg = Release|Any CPU
		{F94C3121-47C6-4D25-B8BF-214218571DDA}.Release|Any CPU.Build.0 = Release|Any CPU
	EndGlobalSection
	GlobalSection(SolutionProperties) = preSolution
		HideSolutionNode = FALSE
	EndGlobalSection
	GlobalSection(ExtensibilityGlobals) = postSolution
		SolutionGuid = {084FB7B1-38E6-42F8-86D6-4F38BB701B6C}
	EndGlobalSection
EndGlobal
