
Microsoft Visual Studio Solution File, Format Version 12.00
# Visual Studio Version 17
VisualStudioVersion = 17.5.33502.453
MinimumVisualStudioVersion = 10.0.40219.1
Project("{FAE04EC0-301F-11D3-BF4B-00C04F79EFBC}") = "assisgnment 1", "assisgnment 1\assisgnment 1.csproj", "{3426386F-85D4-49D2-BA1D-15076F152E34}"
EndProject
Global
	GlobalSection(SolutionConfigurationPlatforms) = preSolution
		Debug|Any CPU = Debug|Any CPU
		Release|Any CPU = Release|Any CPU
	EndGlobalSection
	GlobalSection(ProjectConfigurationPlatforms) = postSolution
		{3426386F-85D4-49D2-BA1D-15076F152E34}.Debug|Any CPU.ActiveCfg = Debug|Any CPU
		{3426386F-85D4-49D2-BA1D-15076F152E34}.Debug|Any CPU.Build.0 = Debug|Any CPU
		{3426386F-85D4-49D2-BA1D-15076F152E34}.Release|Any CPU.ActiveCfg = Release|Any CPU
		{3426386F-85D4-49D2-BA1D-15076F152E34}.Release|Any CPU.Build.0 = Release|Any CPU
	EndGlobalSection
	GlobalSection(SolutionProperties) = preSolution
		HideSolutionNode = FALSE
	EndGlobalSection
	GlobalSection(ExtensibilityGlobals) = postSolution
		SolutionGuid = {356965E3-E78C-40DA-AAA0-C1FF86111E68}
	EndGlobalSection
EndGlobal
