
Microsoft Visual Studio Solution File, Format Version 12.00
# Visual Studio Version 17
VisualStudioVersion = 17.5.33502.453
MinimumVisualStudioVersion = 10.0.40219.1
Project("{FAE04EC0-301F-11D3-BF4B-00C04F79EFBC}") = "cls product without parameter", "cls product without parameter\cls product without parameter.csproj", "{B3A963B2-B9A6-40D4-BC88-C2AA7D12BC60}"
EndProject
Global
	GlobalSection(SolutionConfigurationPlatforms) = preSolution
		Debug|Any CPU = Debug|Any CPU
		Release|Any CPU = Release|Any CPU
	EndGlobalSection
	GlobalSection(ProjectConfigurationPlatforms) = postSolution
		{B3A963B2-B9A6-40D4-BC88-C2AA7D12BC60}.Debug|Any CPU.ActiveCfg = Debug|Any CPU
		{B3A963B2-B9A6-40D4-BC88-C2AA7D12BC60}.Debug|Any CPU.Build.0 = Debug|Any CPU
		{B3A963B2-B9A6-40D4-BC88-C2AA7D12BC60}.Release|Any CPU.ActiveCfg = Release|Any CPU
		{B3A963B2-B9A6-40D4-BC88-C2AA7D12BC60}.Release|Any CPU.Build.0 = Release|Any CPU
	EndGlobalSection
	GlobalSection(SolutionProperties) = preSolution
		HideSolutionNode = FALSE
	EndGlobalSection
	GlobalSection(ExtensibilityGlobals) = postSolution
		SolutionGuid = {5E8321C2-DAF2-4027-83EC-A7560D65DDD9}
	EndGlobalSection
EndGlobal
