
Microsoft Visual Studio Solution File, Format Version 12.00
# Visual Studio Version 17
VisualStudioVersion = 17.5.33502.453
MinimumVisualStudioVersion = 10.0.40219.1
Project("{FAE04EC0-301F-11D3-BF4B-00C04F79EFBC}") = "example of protected", "example of protected\example of protected.csproj", "{06A90836-DE63-4970-941D-66DBA87FA655}"
EndProject
Global
	GlobalSection(SolutionConfigurationPlatforms) = preSolution
		Debug|Any CPU = Debug|Any CPU
		Release|Any CPU = Release|Any CPU
	EndGlobalSection
	GlobalSection(ProjectConfigurationPlatforms) = postSolution
		{06A90836-DE63-4970-941D-66DBA87FA655}.Debug|Any CPU.ActiveCfg = Debug|Any CPU
		{06A90836-DE63-4970-941D-66DBA87FA655}.Debug|Any CPU.Build.0 = Debug|Any CPU
		{06A90836-DE63-4970-941D-66DBA87FA655}.Release|Any CPU.ActiveCfg = Release|Any CPU
		{06A90836-DE63-4970-941D-66DBA87FA655}.Release|Any CPU.Build.0 = Release|Any CPU
	EndGlobalSection
	GlobalSection(SolutionProperties) = preSolution
		HideSolutionNode = FALSE
	EndGlobalSection
	GlobalSection(ExtensibilityGlobals) = postSolution
		SolutionGuid = {9734E81B-6893-46EF-9FE0-F7AA00A8D41F}
	EndGlobalSection
EndGlobal
