
Microsoft Visual Studio Solution File, Format Version 12.00
# Visual Studio Version 17
VisualStudioVersion = 17.5.33502.453
MinimumVisualStudioVersion = 10.0.40219.1
Project("{FAE04EC0-301F-11D3-BF4B-00C04F79EFBC}") = "store 5 student name in array", "store 5 student name in array\store 5 student name in array.csproj", "{5AC92B8A-5B7A-49F7-990F-B1C684CF2D01}"
EndProject
Global
	GlobalSection(SolutionConfigurationPlatforms) = preSolution
		Debug|Any CPU = Debug|Any CPU
		Release|Any CPU = Release|Any CPU
	EndGlobalSection
	GlobalSection(ProjectConfigurationPlatforms) = postSolution
		{5AC92B8A-5B7A-49F7-990F-B1C684CF2D01}.Debug|Any CPU.ActiveCfg = Debug|Any CPU
		{5AC92B8A-5B7A-49F7-990F-B1C684CF2D01}.Debug|Any CPU.Build.0 = Debug|Any CPU
		{5AC92B8A-5B7A-49F7-990F-B1C684CF2D01}.Release|Any CPU.ActiveCfg = Release|Any CPU
		{5AC92B8A-5B7A-49F7-990F-B1C684CF2D01}.Release|Any CPU.Build.0 = Release|Any CPU
	EndGlobalSection
	GlobalSection(SolutionProperties) = preSolution
		HideSolutionNode = FALSE
	EndGlobalSection
	GlobalSection(ExtensibilityGlobals) = postSolution
		SolutionGuid = {B208F56A-BFA7-4F8C-832A-AD3D5C666FA6}
	EndGlobalSection
EndGlobal
