
Microsoft Visual Studio Solution File, Format Version 12.00
# Visual Studio Version 17
VisualStudioVersion = 17.5.33502.453
MinimumVisualStudioVersion = 10.0.40219.1
Project("{FAE04EC0-301F-11D3-BF4B-00C04F79EFBC}") = "form for greater  and smaller no", "form for greater  and smaller no\form for greater  and smaller no.csproj", "{CCAA7246-296A-43EE-8C3A-DF2CD64090D0}"
EndProject
Global
	GlobalSection(SolutionConfigurationPlatforms) = preSolution
		Debug|Any CPU = Debug|Any CPU
		Release|Any CPU = Release|Any CPU
	EndGlobalSection
	GlobalSection(ProjectConfigurationPlatforms) = postSolution
		{CCAA7246-296A-43EE-8C3A-DF2CD64090D0}.Debug|Any CPU.ActiveCfg = Debug|Any CPU
		{CCAA7246-296A-43EE-8C3A-DF2CD64090D0}.Debug|Any CPU.Build.0 = Debug|Any CPU
		{CCAA7246-296A-43EE-8C3A-DF2CD64090D0}.Release|Any CPU.ActiveCfg = Release|Any CPU
		{CCAA7246-296A-43EE-8C3A-DF2CD64090D0}.Release|Any CPU.Build.0 = Release|Any CPU
	EndGlobalSection
	GlobalSection(SolutionProperties) = preSolution
		HideSolutionNode = FALSE
	EndGlobalSection
	GlobalSection(ExtensibilityGlobals) = postSolution
		SolutionGuid = {E1F80519-C5A5-4B5E-9491-0BF64D9481F2}
	EndGlobalSection
EndGlobal
