
Microsoft Visual Studio Solution File, Format Version 12.00
# Visual Studio Version 17
VisualStudioVersion = 17.5.33502.453
MinimumVisualStudioVersion = 10.0.40219.1
Project("{FAE04EC0-301F-11D3-BF4B-00C04F79EFBC}") = "10 dtyp byte", "10 dtyp byte\10 dtyp byte.csproj", "{9585BF3E-F1F5-476C-85D5-D43148BC370D}"
EndProject
Global
	GlobalSection(SolutionConfigurationPlatforms) = preSolution
		Debug|Any CPU = Debug|Any CPU
		Release|Any CPU = Release|Any CPU
	EndGlobalSection
	GlobalSection(ProjectConfigurationPlatforms) = postSolution
		{9585BF3E-F1F5-476C-85D5-D43148BC370D}.Debug|Any CPU.ActiveCfg = Debug|Any CPU
		{9585BF3E-F1F5-476C-85D5-D43148BC370D}.Debug|Any CPU.Build.0 = Debug|Any CPU
		{9585BF3E-F1F5-476C-85D5-D43148BC370D}.Release|Any CPU.ActiveCfg = Release|Any CPU
		{9585BF3E-F1F5-476C-85D5-D43148BC370D}.Release|Any CPU.Build.0 = Release|Any CPU
	EndGlobalSection
	GlobalSection(SolutionProperties) = preSolution
		HideSolutionNode = FALSE
	EndGlobalSection
	GlobalSection(ExtensibilityGlobals) = postSolution
		SolutionGuid = {1DB4F5F5-9D4E-4ED4-8EEE-521F25CBA71C}
	EndGlobalSection
EndGlobal
