
Microsoft Visual Studio Solution File, Format Version 12.00
# Visual Studio Version 17
VisualStudioVersion = 17.5.33502.453
MinimumVisualStudioVersion = 10.0.40219.1
Project("{FAE04EC0-301F-11D3-BF4B-00C04F79EFBC}") = "question paper", "question paper\question paper.csproj", "{DDD1A8B3-EF14-4BEA-9EC1-38FD92FF1DC5}"
EndProject
Global
	GlobalSection(SolutionConfigurationPlatforms) = preSolution
		Debug|Any CPU = Debug|Any CPU
		Release|Any CPU = Release|Any CPU
	EndGlobalSection
	GlobalSection(ProjectConfigurationPlatforms) = postSolution
		{DDD1A8B3-EF14-4BEA-9EC1-38FD92FF1DC5}.Debug|Any CPU.ActiveCfg = Debug|Any CPU
		{DDD1A8B3-EF14-4BEA-9EC1-38FD92FF1DC5}.Debug|Any CPU.Build.0 = Debug|Any CPU
		{DDD1A8B3-EF14-4BEA-9EC1-38FD92FF1DC5}.Release|Any CPU.ActiveCfg = Release|Any CPU
		{DDD1A8B3-EF14-4BEA-9EC1-38FD92FF1DC5}.Release|Any CPU.Build.0 = Release|Any CPU
	EndGlobalSection
	GlobalSection(SolutionProperties) = preSolution
		HideSolutionNode = FALSE
	EndGlobalSection
	GlobalSection(ExtensibilityGlobals) = postSolution
		SolutionGuid = {F31F5C73-234C-413E-B2F2-7CEB72F1E604}
	EndGlobalSection
EndGlobal
