
Microsoft Visual Studio Solution File, Format Version 12.00
# Visual Studio Version 17
VisualStudioVersion = 17.5.33502.453
MinimumVisualStudioVersion = 10.0.40219.1
Project("{FAE04EC0-301F-11D3-BF4B-00C04F79EFBC}") = "calculator form", "calculator form\calculator form.csproj", "{F787C67E-0C4F-45FF-878B-909C3D105130}"
EndProject
Global
	GlobalSection(SolutionConfigurationPlatforms) = preSolution
		Debug|Any CPU = Debug|Any CPU
		Release|Any CPU = Release|Any CPU
	EndGlobalSection
	GlobalSection(ProjectConfigurationPlatforms) = postSolution
		{F787C67E-0C4F-45FF-878B-909C3D105130}.Debug|Any CPU.ActiveCfg = Debug|Any CPU
		{F787C67E-0C4F-45FF-878B-909C3D105130}.Debug|Any CPU.Build.0 = Debug|Any CPU
		{F787C67E-0C4F-45FF-878B-909C3D105130}.Release|Any CPU.ActiveCfg = Release|Any CPU
		{F787C67E-0C4F-45FF-878B-909C3D105130}.Release|Any CPU.Build.0 = Release|Any CPU
	EndGlobalSection
	GlobalSection(SolutionProperties) = preSolution
		HideSolutionNode = FALSE
	EndGlobalSection
	GlobalSection(ExtensibilityGlobals) = postSolution
		SolutionGuid = {67CF7780-14BE-46AE-9078-B1C07C04F476}
	EndGlobalSection
EndGlobal
