
Microsoft Visual Studio Solution File, Format Version 12.00
# Visual Studio Version 17
VisualStudioVersion = 17.5.33502.453
MinimumVisualStudioVersion = 10.0.40219.1
Project("{FAE04EC0-301F-11D3-BF4B-00C04F79EFBC}") = "53 program", "53 program\53 program.csproj", "{593BAD8E-2777-4663-BF76-3D6E2BB6BF8D}"
EndProject
Global
	GlobalSection(SolutionConfigurationPlatforms) = preSolution
		Debug|Any CPU = Debug|Any CPU
		Release|Any CPU = Release|Any CPU
	EndGlobalSection
	GlobalSection(ProjectConfigurationPlatforms) = postSolution
		{593BAD8E-2777-4663-BF76-3D6E2BB6BF8D}.Debug|Any CPU.ActiveCfg = Debug|Any CPU
		{593BAD8E-2777-4663-BF76-3D6E2BB6BF8D}.Debug|Any CPU.Build.0 = Debug|Any CPU
		{593BAD8E-2777-4663-BF76-3D6E2BB6BF8D}.Release|Any CPU.ActiveCfg = Release|Any CPU
		{593BAD8E-2777-4663-BF76-3D6E2BB6BF8D}.Release|Any CPU.Build.0 = Release|Any CPU
	EndGlobalSection
	GlobalSection(SolutionProperties) = preSolution
		HideSolutionNode = FALSE
	EndGlobalSection
	GlobalSection(ExtensibilityGlobals) = postSolution
		SolutionGuid = {91CECB6C-D05C-4B32-9EAC-94C4A134DE66}
	EndGlobalSection
EndGlobal
