
Microsoft Visual Studio Solution File, Format Version 12.00
# Visual Studio Version 17
VisualStudioVersion = 17.5.33502.453
MinimumVisualStudioVersion = 10.0.40219.1
Project("{FAE04EC0-301F-11D3-BF4B-00C04F79EFBC}") = "ComboBox", "ComboBox\ComboBox.csproj", "{2D57928D-D171-415A-9134-1758C086C7E0}"
EndProject
Global
	GlobalSection(SolutionConfigurationPlatforms) = preSolution
		Debug|Any CPU = Debug|Any CPU
		Release|Any CPU = Release|Any CPU
	EndGlobalSection
	GlobalSection(ProjectConfigurationPlatforms) = postSolution
		{2D57928D-D171-415A-9134-1758C086C7E0}.Debug|Any CPU.ActiveCfg = Debug|Any CPU
		{2D57928D-D171-415A-9134-1758C086C7E0}.Debug|Any CPU.Build.0 = Debug|Any CPU
		{2D57928D-D171-415A-9134-1758C086C7E0}.Release|Any CPU.ActiveCfg = Release|Any CPU
		{2D57928D-D171-415A-9134-1758C086C7E0}.Release|Any CPU.Build.0 = Release|Any CPU
	EndGlobalSection
	GlobalSection(SolutionProperties) = preSolution
		HideSolutionNode = FALSE
	EndGlobalSection
	GlobalSection(ExtensibilityGlobals) = postSolution
		SolutionGuid = {BE35E90E-7C1F-467F-B2B8-DE09DC2E5955}
	EndGlobalSection
EndGlobal
