
Microsoft Visual Studio Solution File, Format Version 12.00
# Visual Studio Version 17
VisualStudioVersion = 17.5.33502.453
MinimumVisualStudioVersion = 10.0.40219.1
Project("{FAE04EC0-301F-11D3-BF4B-00C04F79EFBC}") = "variable length parameter", "variable length parameter\variable length parameter.csproj", "{B0484A94-F1D0-4D90-B400-2BCF5F377091}"
EndProject
Global
	GlobalSection(SolutionConfigurationPlatforms) = preSolution
		Debug|Any CPU = Debug|Any CPU
		Release|Any CPU = Release|Any CPU
	EndGlobalSection
	GlobalSection(ProjectConfigurationPlatforms) = postSolution
		{B0484A94-F1D0-4D90-B400-2BCF5F377091}.Debug|Any CPU.ActiveCfg = Debug|Any CPU
		{B0484A94-F1D0-4D90-B400-2BCF5F377091}.Debug|Any CPU.Build.0 = Debug|Any CPU
		{B0484A94-F1D0-4D90-B400-2BCF5F377091}.Release|Any CPU.ActiveCfg = Release|Any CPU
		{B0484A94-F1D0-4D90-B400-2BCF5F377091}.Release|Any CPU.Build.0 = Release|Any CPU
	EndGlobalSection
	GlobalSection(SolutionProperties) = preSolution
		HideSolutionNode = FALSE
	EndGlobalSection
	GlobalSection(ExtensibilityGlobals) = postSolution
		SolutionGuid = {7F6615A6-3D4D-4B9F-971B-8CB9107A9505}
	EndGlobalSection
EndGlobal
