
Microsoft Visual Studio Solution File, Format Version 12.00
# Visual Studio Version 17
VisualStudioVersion = 17.5.33502.453
MinimumVisualStudioVersion = 10.0.40219.1
Project("{FAE04EC0-301F-11D3-BF4B-00C04F79EFBC}") = "single level inheritance field", "single level inheritance field\single level inheritance field.csproj", "{C4661538-1027-4D29-8311-6961EDB4119F}"
EndProject
Global
	GlobalSection(SolutionConfigurationPlatforms) = preSolution
		Debug|Any CPU = Debug|Any CPU
		Release|Any CPU = Release|Any CPU
	EndGlobalSection
	GlobalSection(ProjectConfigurationPlatforms) = postSolution
		{C4661538-1027-4D29-8311-6961EDB4119F}.Debug|Any CPU.ActiveCfg = Debug|Any CPU
		{C4661538-1027-4D29-8311-6961EDB4119F}.Debug|Any CPU.Build.0 = Debug|Any CPU
		{C4661538-1027-4D29-8311-6961EDB4119F}.Release|Any CPU.ActiveCfg = Release|Any CPU
		{C4661538-1027-4D29-8311-6961EDB4119F}.Release|Any CPU.Build.0 = Release|Any CPU
	EndGlobalSection
	GlobalSection(SolutionProperties) = preSolution
		HideSolutionNode = FALSE
	EndGlobalSection
	GlobalSection(ExtensibilityGlobals) = postSolution
		SolutionGuid = {9969254D-1B45-4387-B0E3-ABDD86F44C84}
	EndGlobalSection
EndGlobal
