
Microsoft Visual Studio Solution File, Format Version 12.00
# Visual Studio Version 17
VisualStudioVersion = 17.5.33502.453
MinimumVisualStudioVersion = 10.0.40219.1
Project("{FAE04EC0-301F-11D3-BF4B-00C04F79EFBC}") = "Abstraction2", "Abstraction2\Abstraction2.csproj", "{E88316FF-7315-48F0-8571-42B6F98A6431}"
EndProject
Global
	GlobalSection(SolutionConfigurationPlatforms) = preSolution
		Debug|Any CPU = Debug|Any CPU
		Release|Any CPU = Release|Any CPU
	EndGlobalSection
	GlobalSection(ProjectConfigurationPlatforms) = postSolution
		{E88316FF-7315-48F0-8571-42B6F98A6431}.Debug|Any CPU.ActiveCfg = Debug|Any CPU
		{E88316FF-7315-48F0-8571-42B6F98A6431}.Debug|Any CPU.Build.0 = Debug|Any CPU
		{E88316FF-7315-48F0-8571-42B6F98A6431}.Release|Any CPU.ActiveCfg = Release|Any CPU
		{E88316FF-7315-48F0-8571-42B6F98A6431}.Release|Any CPU.Build.0 = Release|Any CPU
	EndGlobalSection
	GlobalSection(SolutionProperties) = preSolution
		HideSolutionNode = FALSE
	EndGlobalSection
	GlobalSection(ExtensibilityGlobals) = postSolution
		SolutionGuid = {33C36044-D0A8-4939-ABBD-CA8437B2087C}
	EndGlobalSection
EndGlobal
