
Microsoft Visual Studio Solution File, Format Version 12.00
# Visual Studio Version 17
VisualStudioVersion = 17.5.33502.453
MinimumVisualStudioVersion = 10.0.40219.1
Project("{FAE04EC0-301F-11D3-BF4B-00C04F79EFBC}") = "search element", "search element\search element.csproj", "{CFF2641D-455E-416E-984D-8FEA114D8275}"
EndProject
Global
	GlobalSection(SolutionConfigurationPlatforms) = preSolution
		Debug|Any CPU = Debug|Any CPU
		Release|Any CPU = Release|Any CPU
	EndGlobalSection
	GlobalSection(ProjectConfigurationPlatforms) = postSolution
		{CFF2641D-455E-416E-984D-8FEA114D8275}.Debug|Any CPU.ActiveCfg = Debug|Any CPU
		{CFF2641D-455E-416E-984D-8FEA114D8275}.Debug|Any CPU.Build.0 = Debug|Any CPU
		{CFF2641D-455E-416E-984D-8FEA114D8275}.Release|Any CPU.ActiveCfg = Release|Any CPU
		{CFF2641D-455E-416E-984D-8FEA114D8275}.Release|Any CPU.Build.0 = Release|Any CPU
	EndGlobalSection
	GlobalSection(SolutionProperties) = preSolution
		HideSolutionNode = FALSE
	EndGlobalSection
	GlobalSection(ExtensibilityGlobals) = postSolution
		SolutionGuid = {94F095D6-6DA5-4B83-B047-51744CA3E493}
	EndGlobalSection
EndGlobal
