
Microsoft Visual Studio Solution File, Format Version 12.00
# Visual Studio Version 17
VisualStudioVersion = 17.5.33502.453
MinimumVisualStudioVersion = 10.0.40219.1
Project("{FAE04EC0-301F-11D3-BF4B-00C04F79EFBC}") = "3 params", "3 params\3 params.csproj", "{5E69F6F8-ADFC-4B08-A6B0-085615F1128B}"
EndProject
Global
	GlobalSection(SolutionConfigurationPlatforms) = preSolution
		Debug|Any CPU = Debug|Any CPU
		Release|Any CPU = Release|Any CPU
	EndGlobalSection
	GlobalSection(ProjectConfigurationPlatforms) = postSolution
		{5E69F6F8-ADFC-4B08-A6B0-085615F1128B}.Debug|Any CPU.ActiveCfg = Debug|Any CPU
		{5E69F6F8-ADFC-4B08-A6B0-085615F1128B}.Debug|Any CPU.Build.0 = Debug|Any CPU
		{5E69F6F8-ADFC-4B08-A6B0-085615F1128B}.Release|Any CPU.ActiveCfg = Release|Any CPU
		{5E69F6F8-ADFC-4B08-A6B0-085615F1128B}.Release|Any CPU.Build.0 = Release|Any CPU
	EndGlobalSection
	GlobalSection(SolutionProperties) = preSolution
		HideSolutionNode = FALSE
	EndGlobalSection
	GlobalSection(ExtensibilityGlobals) = postSolution
		SolutionGuid = {984247A4-17D9-4718-96EC-A251E609BA88}
	EndGlobalSection
EndGlobal
