
Microsoft Visual Studio Solution File, Format Version 12.00
# Visual Studio Version 17
VisualStudioVersion = 17.5.33502.453
MinimumVisualStudioVersion = 10.0.40219.1
Project("{FAE04EC0-301F-11D3-BF4B-00C04F79EFBC}") = "ADO3", "ADO3\ADO3.csproj", "{9091ED5F-3B16-481D-B3C3-90946DD38D66}"
EndProject
Global
	GlobalSection(SolutionConfigurationPlatforms) = preSolution
		Debug|Any CPU = Debug|Any CPU
		Release|Any CPU = Release|Any CPU
	EndGlobalSection
	GlobalSection(ProjectConfigurationPlatforms) = postSolution
		{9091ED5F-3B16-481D-B3C3-90946DD38D66}.Debug|Any CPU.ActiveCfg = Debug|Any CPU
		{9091ED5F-3B16-481D-B3C3-90946DD38D66}.Debug|Any CPU.Build.0 = Debug|Any CPU
		{9091ED5F-3B16-481D-B3C3-90946DD38D66}.Release|Any CPU.ActiveCfg = Release|Any CPU
		{9091ED5F-3B16-481D-B3C3-90946DD38D66}.Release|Any CPU.Build.0 = Release|Any CPU
	EndGlobalSection
	GlobalSection(SolutionProperties) = preSolution
		HideSolutionNode = FALSE
	EndGlobalSection
	GlobalSection(ExtensibilityGlobals) = postSolution
		SolutionGuid = {9FDC6B84-C750-41EE-BEFB-41019F668852}
	EndGlobalSection
EndGlobal
