
Microsoft Visual Studio Solution File, Format Version 12.00
# Visual Studio Version 17
VisualStudioVersion = 17.5.33502.453
MinimumVisualStudioVersion = 10.0.40219.1
Project("{FAE04EC0-301F-11D3-BF4B-00C04F79EFBC}") = "Exception Handling", "Exception Handling\Exception Handling.csproj", "{359C2E7A-0B18-4BC0-A358-BA2D1ACB3471}"
EndProject
Global
	GlobalSection(SolutionConfigurationPlatforms) = preSolution
		Debug|Any CPU = Debug|Any CPU
		Release|Any CPU = Release|Any CPU
	EndGlobalSection
	GlobalSection(ProjectConfigurationPlatforms) = postSolution
		{359C2E7A-0B18-4BC0-A358-BA2D1ACB3471}.Debug|Any CPU.ActiveCfg = Debug|Any CPU
		{359C2E7A-0B18-4BC0-A358-BA2D1ACB3471}.Debug|Any CPU.Build.0 = Debug|Any CPU
		{359C2E7A-0B18-4BC0-A358-BA2D1ACB3471}.Release|Any CPU.ActiveCfg = Release|Any CPU
		{359C2E7A-0B18-4BC0-A358-BA2D1ACB3471}.Release|Any CPU.Build.0 = Release|Any CPU
	EndGlobalSection
	GlobalSection(SolutionProperties) = preSolution
		HideSolutionNode = FALSE
	EndGlobalSection
	GlobalSection(ExtensibilityGlobals) = postSolution
		SolutionGuid = {4153781D-2BFE-4DBE-BEAC-870CB78D6282}
	EndGlobalSection
EndGlobal
