
Microsoft Visual Studio Solution File, Format Version 12.00
# Visual Studio Version 17
VisualStudioVersion = 17.5.33502.453
MinimumVisualStudioVersion = 10.0.40219.1
Project("{FAE04EC0-301F-11D3-BF4B-00C04F79EFBC}") = "fibonacci series", "fibonacci series\fibonacci series.csproj", "{8922C3A6-863E-43C7-AB4C-DD16B8B3F302}"
EndProject
Global
	GlobalSection(SolutionConfigurationPlatforms) = preSolution
		Debug|Any CPU = Debug|Any CPU
		Release|Any CPU = Release|Any CPU
	EndGlobalSection
	GlobalSection(ProjectConfigurationPlatforms) = postSolution
		{8922C3A6-863E-43C7-AB4C-DD16B8B3F302}.Debug|Any CPU.ActiveCfg = Debug|Any CPU
		{8922C3A6-863E-43C7-AB4C-DD16B8B3F302}.Debug|Any CPU.Build.0 = Debug|Any CPU
		{8922C3A6-863E-43C7-AB4C-DD16B8B3F302}.Release|Any CPU.ActiveCfg = Release|Any CPU
		{8922C3A6-863E-43C7-AB4C-DD16B8B3F302}.Release|Any CPU.Build.0 = Release|Any CPU
	EndGlobalSection
	GlobalSection(SolutionProperties) = preSolution
		HideSolutionNode = FALSE
	EndGlobalSection
	GlobalSection(ExtensibilityGlobals) = postSolution
		SolutionGuid = {00A7CAB1-DD47-4502-91E8-5635DAF7B117}
	EndGlobalSection
EndGlobal
