
Microsoft Visual Studio Solution File, Format Version 12.00
# Visual Studio Version 17
VisualStudioVersion = 17.5.33502.453
MinimumVisualStudioVersion = 10.0.40219.1
Project("{FAE04EC0-301F-11D3-BF4B-00C04F79EFBC}") = "go to statement", "go to statement\go to statement.csproj", "{5E235181-B907-4868-ACD8-05DED2052419}"
EndProject
Global
	GlobalSection(SolutionConfigurationPlatforms) = preSolution
		Debug|Any CPU = Debug|Any CPU
		Release|Any CPU = Release|Any CPU
	EndGlobalSection
	GlobalSection(ProjectConfigurationPlatforms) = postSolution
		{5E235181-B907-4868-ACD8-05DED2052419}.Debug|Any CPU.ActiveCfg = Debug|Any CPU
		{5E235181-B907-4868-ACD8-05DED2052419}.Debug|Any CPU.Build.0 = Debug|Any CPU
		{5E235181-B907-4868-ACD8-05DED2052419}.Release|Any CPU.ActiveCfg = Release|Any CPU
		{5E235181-B907-4868-ACD8-05DED2052419}.Release|Any CPU.Build.0 = Release|Any CPU
	EndGlobalSection
	GlobalSection(SolutionProperties) = preSolution
		HideSolutionNode = FALSE
	EndGlobalSection
	GlobalSection(ExtensibilityGlobals) = postSolution
		SolutionGuid = {088C60CE-CA6C-49A3-A5EC-865110EC3784}
	EndGlobalSection
EndGlobal
