
Microsoft Visual Studio Solution File, Format Version 12.00
# Visual Studio Version 17
VisualStudioVersion = 17.5.33502.453
MinimumVisualStudioVersion = 10.0.40219.1
Project("{FAE04EC0-301F-11D3-BF4B-00C04F79EFBC}") = "customer user input with parameter", "customer user input with parameter\customer user input with parameter.csproj", "{743BDBB7-C578-4316-AE34-69EC4E8DF75C}"
EndProject
Global
	GlobalSection(SolutionConfigurationPlatforms) = preSolution
		Debug|Any CPU = Debug|Any CPU
		Release|Any CPU = Release|Any CPU
	EndGlobalSection
	GlobalSection(ProjectConfigurationPlatforms) = postSolution
		{743BDBB7-C578-4316-AE34-69EC4E8DF75C}.Debug|Any CPU.ActiveCfg = Debug|Any CPU
		{743BDBB7-C578-4316-AE34-69EC4E8DF75C}.Debug|Any CPU.Build.0 = Debug|Any CPU
		{743BDBB7-C578-4316-AE34-69EC4E8DF75C}.Release|Any CPU.ActiveCfg = Release|Any CPU
		{743BDBB7-C578-4316-AE34-69EC4E8DF75C}.Release|Any CPU.Build.0 = Release|Any CPU
	EndGlobalSection
	GlobalSection(SolutionProperties) = preSolution
		HideSolutionNode = FALSE
	EndGlobalSection
	GlobalSection(ExtensibilityGlobals) = postSolution
		SolutionGuid = {D49399C6-D5BB-446B-8C35-DF8B3E1DEDF2}
	EndGlobalSection
EndGlobal
