
Microsoft Visual Studio Solution File, Format Version 12.00
# Visual Studio Version 17
VisualStudioVersion = 17.5.33502.453
MinimumVisualStudioVersion = 10.0.40219.1
Project("{FAE04EC0-301F-11D3-BF4B-00C04F79EFBC}") = "string is a palindrome", "string is a palindrome\string is a palindrome.csproj", "{AAE493A9-3194-4D75-862B-D6426E8AFAE3}"
EndProject
Global
	GlobalSection(SolutionConfigurationPlatforms) = preSolution
		Debug|Any CPU = Debug|Any CPU
		Release|Any CPU = Release|Any CPU
	EndGlobalSection
	GlobalSection(ProjectConfigurationPlatforms) = postSolution
		{AAE493A9-3194-4D75-862B-D6426E8AFAE3}.Debug|Any CPU.ActiveCfg = Debug|Any CPU
		{AAE493A9-3194-4D75-862B-D6426E8AFAE3}.Debug|Any CPU.Build.0 = Debug|Any CPU
		{AAE493A9-3194-4D75-862B-D6426E8AFAE3}.Release|Any CPU.ActiveCfg = Release|Any CPU
		{AAE493A9-3194-4D75-862B-D6426E8AFAE3}.Release|Any CPU.Build.0 = Release|Any CPU
	EndGlobalSection
	GlobalSection(SolutionProperties) = preSolution
		HideSolutionNode = FALSE
	EndGlobalSection
	GlobalSection(ExtensibilityGlobals) = postSolution
		SolutionGuid = {BB9FF2C3-BEA8-466C-9301-EE10D444C312}
	EndGlobalSection
EndGlobal
