
Microsoft Visual Studio Solution File, Format Version 12.00
# Visual Studio Version 17
VisualStudioVersion = 17.5.33502.453
MinimumVisualStudioVersion = 10.0.40219.1
Project("{FAE04EC0-301F-11D3-BF4B-00C04F79EFBC}") = "2d array", "2d array\2d array.csproj", "{B38B0F66-67C2-473F-8A54-549D73739A23}"
EndProject
Global
	GlobalSection(SolutionConfigurationPlatforms) = preSolution
		Debug|Any CPU = Debug|Any CPU
		Release|Any CPU = Release|Any CPU
	EndGlobalSection
	GlobalSection(ProjectConfigurationPlatforms) = postSolution
		{B38B0F66-67C2-473F-8A54-549D73739A23}.Debug|Any CPU.ActiveCfg = Debug|Any CPU
		{B38B0F66-67C2-473F-8A54-549D73739A23}.Debug|Any CPU.Build.0 = Debug|Any CPU
		{B38B0F66-67C2-473F-8A54-549D73739A23}.Release|Any CPU.ActiveCfg = Release|Any CPU
		{B38B0F66-67C2-473F-8A54-549D73739A23}.Release|Any CPU.Build.0 = Release|Any CPU
	EndGlobalSection
	GlobalSection(SolutionProperties) = preSolution
		HideSolutionNode = FALSE
	EndGlobalSection
	GlobalSection(ExtensibilityGlobals) = postSolution
		SolutionGuid = {F649C2AE-1EFD-42C3-A2C2-38060E597926}
	EndGlobalSection
EndGlobal
