
Microsoft Visual Studio Solution File, Format Version 12.00
# Visual Studio Version 17
VisualStudioVersion = 17.5.33502.453
MinimumVisualStudioVersion = 10.0.40219.1
Project("{FAE04EC0-301F-11D3-BF4B-00C04F79EFBC}") = "Enum in a Switch Statement", "Enum in a Switch Statement\Enum in a Switch Statement.csproj", "{32FF9B0C-FA53-42D9-8D7B-00F022E8C0CE}"
EndProject
Global
	GlobalSection(SolutionConfigurationPlatforms) = preSolution
		Debug|Any CPU = Debug|Any CPU
		Release|Any CPU = Release|Any CPU
	EndGlobalSection
	GlobalSection(ProjectConfigurationPlatforms) = postSolution
		{32FF9B0C-FA53-42D9-8D7B-00F022E8C0CE}.Debug|Any CPU.ActiveCfg = Debug|Any CPU
		{32FF9B0C-FA53-42D9-8D7B-00F022E8C0CE}.Debug|Any CPU.Build.0 = Debug|Any CPU
		{32FF9B0C-FA53-42D9-8D7B-00F022E8C0CE}.Release|Any CPU.ActiveCfg = Release|Any CPU
		{32FF9B0C-FA53-42D9-8D7B-00F022E8C0CE}.Release|Any CPU.Build.0 = Release|Any CPU
	EndGlobalSection
	GlobalSection(SolutionProperties) = preSolution
		HideSolutionNode = FALSE
	EndGlobalSection
	GlobalSection(ExtensibilityGlobals) = postSolution
		SolutionGuid = {F92FF2FE-06D5-4401-AFB9-71AFC20723DF}
	EndGlobalSection
EndGlobal
