
Microsoft Visual Studio Solution File, Format Version 12.00
# Visual Studio Version 17
VisualStudioVersion = 17.5.33502.453
MinimumVisualStudioVersion = 10.0.40219.1
Project("{FAE04EC0-301F-11D3-BF4B-00C04F79EFBC}") = "form for  salary", "form for  salary\form for  salary.csproj", "{D527753A-7787-4600-84F0-14B65C7049BA}"
EndProject
Global
	GlobalSection(SolutionConfigurationPlatforms) = preSolution
		Debug|Any CPU = Debug|Any CPU
		Release|Any CPU = Release|Any CPU
	EndGlobalSection
	GlobalSection(ProjectConfigurationPlatforms) = postSolution
		{D527753A-7787-4600-84F0-14B65C7049BA}.Debug|Any CPU.ActiveCfg = Debug|Any CPU
		{D527753A-7787-4600-84F0-14B65C7049BA}.Debug|Any CPU.Build.0 = Debug|Any CPU
		{D527753A-7787-4600-84F0-14B65C7049BA}.Release|Any CPU.ActiveCfg = Release|Any CPU
		{D527753A-7787-4600-84F0-14B65C7049BA}.Release|Any CPU.Build.0 = Release|Any CPU
	EndGlobalSection
	GlobalSection(SolutionProperties) = preSolution
		HideSolutionNode = FALSE
	EndGlobalSection
	GlobalSection(ExtensibilityGlobals) = postSolution
		SolutionGuid = {698BC410-29FE-41BD-9A27-F33A0D4969F8}
	EndGlobalSection
EndGlobal
