
Microsoft Visual Studio Solution File, Format Version 12.00
# Visual Studio Version 17
VisualStudioVersion = 17.5.33502.453
MinimumVisualStudioVersion = 10.0.40219.1
Project("{FAE04EC0-301F-11D3-BF4B-00C04F79EFBC}") = "constructor with parameter", "constructor with parameter\constructor with parameter.csproj", "{47A95CE6-8875-413E-9735-577B6EC79904}"
EndProject
Global
	GlobalSection(SolutionConfigurationPlatforms) = preSolution
		Debug|Any CPU = Debug|Any CPU
		Release|Any CPU = Release|Any CPU
	EndGlobalSection
	GlobalSection(ProjectConfigurationPlatforms) = postSolution
		{47A95CE6-8875-413E-9735-577B6EC79904}.Debug|Any CPU.ActiveCfg = Debug|Any CPU
		{47A95CE6-8875-413E-9735-577B6EC79904}.Debug|Any CPU.Build.0 = Debug|Any CPU
		{47A95CE6-8875-413E-9735-577B6EC79904}.Release|Any CPU.ActiveCfg = Release|Any CPU
		{47A95CE6-8875-413E-9735-577B6EC79904}.Release|Any CPU.Build.0 = Release|Any CPU
	EndGlobalSection
	GlobalSection(SolutionProperties) = preSolution
		HideSolutionNode = FALSE
	EndGlobalSection
	GlobalSection(ExtensibilityGlobals) = postSolution
		SolutionGuid = {C035900C-FFA2-42F4-9301-A3C602767D80}
	EndGlobalSection
EndGlobal
