
Microsoft Visual Studio Solution File, Format Version 12.00
# Visual Studio Version 17
VisualStudioVersion = 17.5.33502.453
MinimumVisualStudioVersion = 10.0.40219.1
Project("{FAE04EC0-301F-11D3-BF4B-00C04F79EFBC}") = "35 program", "35 program\35 program.csproj", "{64DD371F-185A-401A-BD47-E6CFCB98F507}"
EndProject
Global
	GlobalSection(SolutionConfigurationPlatforms) = preSolution
		Debug|Any CPU = Debug|Any CPU
		Release|Any CPU = Release|Any CPU
	EndGlobalSection
	GlobalSection(ProjectConfigurationPlatforms) = postSolution
		{64DD371F-185A-401A-BD47-E6CFCB98F507}.Debug|Any CPU.ActiveCfg = Debug|Any CPU
		{64DD371F-185A-401A-BD47-E6CFCB98F507}.Debug|Any CPU.Build.0 = Debug|Any CPU
		{64DD371F-185A-401A-BD47-E6CFCB98F507}.Release|Any CPU.ActiveCfg = Release|Any CPU
		{64DD371F-185A-401A-BD47-E6CFCB98F507}.Release|Any CPU.Build.0 = Release|Any CPU
	EndGlobalSection
	GlobalSection(SolutionProperties) = preSolution
		HideSolutionNode = FALSE
	EndGlobalSection
	GlobalSection(ExtensibilityGlobals) = postSolution
		SolutionGuid = {AE0423B4-A8DC-4216-A792-0A9E5BCFDAB7}
	EndGlobalSection
EndGlobal
