
Microsoft Visual Studio Solution File, Format Version 12.00
# Visual Studio Version 17
VisualStudioVersion = 17.5.33502.453
MinimumVisualStudioVersion = 10.0.40219.1
Project("{FAE04EC0-301F-11D3-BF4B-00C04F79EFBC}") = "4 cash deposit and withdraw", "4 cash deposit and withdraw\4 cash deposit and withdraw.csproj", "{73343B63-ED56-4805-9B9A-045625A25517}"
EndProject
Global
	GlobalSection(SolutionConfigurationPlatforms) = preSolution
		Debug|Any CPU = Debug|Any CPU
		Release|Any CPU = Release|Any CPU
	EndGlobalSection
	GlobalSection(ProjectConfigurationPlatforms) = postSolution
		{73343B63-ED56-4805-9B9A-045625A25517}.Debug|Any CPU.ActiveCfg = Debug|Any CPU
		{73343B63-ED56-4805-9B9A-045625A25517}.Debug|Any CPU.Build.0 = Debug|Any CPU
		{73343B63-ED56-4805-9B9A-045625A25517}.Release|Any CPU.ActiveCfg = Release|Any CPU
		{73343B63-ED56-4805-9B9A-045625A25517}.Release|Any CPU.Build.0 = Release|Any CPU
	EndGlobalSection
	GlobalSection(SolutionProperties) = preSolution
		HideSolutionNode = FALSE
	EndGlobalSection
	GlobalSection(ExtensibilityGlobals) = postSolution
		SolutionGuid = {10EC2D36-49AE-4D50-B240-41F3819FF5BA}
	EndGlobalSection
EndGlobal
