
Microsoft Visual Studio Solution File, Format Version 12.00
# Visual Studio Version 17
VisualStudioVersion = 17.5.33502.453
MinimumVisualStudioVersion = 10.0.40219.1
Project("{FAE04EC0-301F-11D3-BF4B-00C04F79EFBC}") = "Sort method", "Sort method\Sort method.csproj", "{1E4FE0EE-E177-4C71-840A-B5AAE098537B}"
EndProject
Global
	GlobalSection(SolutionConfigurationPlatforms) = preSolution
		Debug|Any CPU = Debug|Any CPU
		Release|Any CPU = Release|Any CPU
	EndGlobalSection
	GlobalSection(ProjectConfigurationPlatforms) = postSolution
		{1E4FE0EE-E177-4C71-840A-B5AAE098537B}.Debug|Any CPU.ActiveCfg = Debug|Any CPU
		{1E4FE0EE-E177-4C71-840A-B5AAE098537B}.Debug|Any CPU.Build.0 = Debug|Any CPU
		{1E4FE0EE-E177-4C71-840A-B5AAE098537B}.Release|Any CPU.ActiveCfg = Release|Any CPU
		{1E4FE0EE-E177-4C71-840A-B5AAE098537B}.Release|Any CPU.Build.0 = Release|Any CPU
	EndGlobalSection
	GlobalSection(SolutionProperties) = preSolution
		HideSolutionNode = FALSE
	EndGlobalSection
	GlobalSection(ExtensibilityGlobals) = postSolution
		SolutionGuid = {E7D18AD6-7D22-42F8-A426-5370C08354BD}
	EndGlobalSection
EndGlobal
