
Microsoft Visual Studio Solution File, Format Version 12.00
# Visual Studio Version 17
VisualStudioVersion = 17.5.33502.453
MinimumVisualStudioVersion = 10.0.40219.1
Project("{FAE04EC0-301F-11D3-BF4B-00C04F79EFBC}") = "Array 7 find 2nd smallest no", "Array 7 find 2nd smallest no\Array 7 find 2nd smallest no.csproj", "{48D9D3F4-77D9-428C-913B-C0745CE48900}"
EndProject
Global
	GlobalSection(SolutionConfigurationPlatforms) = preSolution
		Debug|Any CPU = Debug|Any CPU
		Release|Any CPU = Release|Any CPU
	EndGlobalSection
	GlobalSection(ProjectConfigurationPlatforms) = postSolution
		{48D9D3F4-77D9-428C-913B-C0745CE48900}.Debug|Any CPU.ActiveCfg = Debug|Any CPU
		{48D9D3F4-77D9-428C-913B-C0745CE48900}.Debug|Any CPU.Build.0 = Debug|Any CPU
		{48D9D3F4-77D9-428C-913B-C0745CE48900}.Release|Any CPU.ActiveCfg = Release|Any CPU
		{48D9D3F4-77D9-428C-913B-C0745CE48900}.Release|Any CPU.Build.0 = Release|Any CPU
	EndGlobalSection
	GlobalSection(SolutionProperties) = preSolution
		HideSolutionNode = FALSE
	EndGlobalSection
	GlobalSection(ExtensibilityGlobals) = postSolution
		SolutionGuid = {1C4ACCC5-B27E-4153-8A79-46AD66F1DDF2}
	EndGlobalSection
EndGlobal
