
Microsoft Visual Studio Solution File, Format Version 12.00
# Visual Studio Version 17
VisualStudioVersion = 17.5.33502.453
MinimumVisualStudioVersion = 10.0.40219.1
Project("{FAE04EC0-301F-11D3-BF4B-00C04F79EFBC}") = "38 program", "38 program\38 program.csproj", "{04F0A354-22A2-438A-AE9C-9EC7BA781FDF}"
EndProject
Global
	GlobalSection(SolutionConfigurationPlatforms) = preSolution
		Debug|Any CPU = Debug|Any CPU
		Release|Any CPU = Release|Any CPU
	EndGlobalSection
	GlobalSection(ProjectConfigurationPlatforms) = postSolution
		{04F0A354-22A2-438A-AE9C-9EC7BA781FDF}.Debug|Any CPU.ActiveCfg = Debug|Any CPU
		{04F0A354-22A2-438A-AE9C-9EC7BA781FDF}.Debug|Any CPU.Build.0 = Debug|Any CPU
		{04F0A354-22A2-438A-AE9C-9EC7BA781FDF}.Release|Any CPU.ActiveCfg = Release|Any CPU
		{04F0A354-22A2-438A-AE9C-9EC7BA781FDF}.Release|Any CPU.Build.0 = Release|Any CPU
	EndGlobalSection
	GlobalSection(SolutionProperties) = preSolution
		HideSolutionNode = FALSE
	EndGlobalSection
	GlobalSection(ExtensibilityGlobals) = postSolution
		SolutionGuid = {969E1896-4FA1-4B69-BC2D-0CA6AE861BA4}
	EndGlobalSection
EndGlobal
