
Microsoft Visual Studio Solution File, Format Version 12.00
# Visual Studio Version 17
VisualStudioVersion = 17.5.33502.453
MinimumVisualStudioVersion = 10.0.40219.1
Project("{FAE04EC0-301F-11D3-BF4B-00C04F79EFBC}") = "2 program", "2 program\2 program.csproj", "{8CC4E28E-50A7-4A83-8984-4364C88D711B}"
EndProject
Global
	GlobalSection(SolutionConfigurationPlatforms) = preSolution
		Debug|Any CPU = Debug|Any CPU
		Release|Any CPU = Release|Any CPU
	EndGlobalSection
	GlobalSection(ProjectConfigurationPlatforms) = postSolution
		{8CC4E28E-50A7-4A83-8984-4364C88D711B}.Debug|Any CPU.ActiveCfg = Debug|Any CPU
		{8CC4E28E-50A7-4A83-8984-4364C88D711B}.Debug|Any CPU.Build.0 = Debug|Any CPU
		{8CC4E28E-50A7-4A83-8984-4364C88D711B}.Release|Any CPU.ActiveCfg = Release|Any CPU
		{8CC4E28E-50A7-4A83-8984-4364C88D711B}.Release|Any CPU.Build.0 = Release|Any CPU
	EndGlobalSection
	GlobalSection(SolutionProperties) = preSolution
		HideSolutionNode = FALSE
	EndGlobalSection
	GlobalSection(ExtensibilityGlobals) = postSolution
		SolutionGuid = {A770EE4B-4CFA-459E-B9A5-B11A89A078B2}
	EndGlobalSection
EndGlobal
