
Microsoft Visual Studio Solution File, Format Version 12.00
# Visual Studio Version 17
VisualStudioVersion = 17.5.33502.453
MinimumVisualStudioVersion = 10.0.40219.1
Project("{FAE04EC0-301F-11D3-BF4B-00C04F79EFBC}") = "example of protected access modifier", "example of protected access modifier\example of protected access modifier.csproj", "{730A9D8B-35DD-4FD4-AFB9-F3651F3BBEC3}"
EndProject
Global
	GlobalSection(SolutionConfigurationPlatforms) = preSolution
		Debug|Any CPU = Debug|Any CPU
		Release|Any CPU = Release|Any CPU
	EndGlobalSection
	GlobalSection(ProjectConfigurationPlatforms) = postSolution
		{730A9D8B-35DD-4FD4-AFB9-F3651F3BBEC3}.Debug|Any CPU.ActiveCfg = Debug|Any CPU
		{730A9D8B-35DD-4FD4-AFB9-F3651F3BBEC3}.Debug|Any CPU.Build.0 = Debug|Any CPU
		{730A9D8B-35DD-4FD4-AFB9-F3651F3BBEC3}.Release|Any CPU.ActiveCfg = Release|Any CPU
		{730A9D8B-35DD-4FD4-AFB9-F3651F3BBEC3}.Release|Any CPU.Build.0 = Release|Any CPU
	EndGlobalSection
	GlobalSection(SolutionProperties) = preSolution
		HideSolutionNode = FALSE
	EndGlobalSection
	GlobalSection(ExtensibilityGlobals) = postSolution
		SolutionGuid = {E719A626-9FBB-4911-BD66-3FE2525C202A}
	EndGlobalSection
EndGlobal
