
Microsoft Visual Studio Solution File, Format Version 12.00
# Visual Studio Version 17
VisualStudioVersion = 17.5.33502.453
MinimumVisualStudioVersion = 10.0.40219.1
Project("{FAE04EC0-301F-11D3-BF4B-00C04F79EFBC}") = "prime", "prime\prime.csproj", "{5CAFDC02-CD2D-46DB-85FB-A164430C4327}"
EndProject
Global
	GlobalSection(SolutionConfigurationPlatforms) = preSolution
		Debug|Any CPU = Debug|Any CPU
		Release|Any CPU = Release|Any CPU
	EndGlobalSection
	GlobalSection(ProjectConfigurationPlatforms) = postSolution
		{5CAFDC02-CD2D-46DB-85FB-A164430C4327}.Debug|Any CPU.ActiveCfg = Debug|Any CPU
		{5CAFDC02-CD2D-46DB-85FB-A164430C4327}.Debug|Any CPU.Build.0 = Debug|Any CPU
		{5CAFDC02-CD2D-46DB-85FB-A164430C4327}.Release|Any CPU.ActiveCfg = Release|Any CPU
		{5CAFDC02-CD2D-46DB-85FB-A164430C4327}.Release|Any CPU.Build.0 = Release|Any CPU
	EndGlobalSection
	GlobalSection(SolutionProperties) = preSolution
		HideSolutionNode = FALSE
	EndGlobalSection
	GlobalSection(ExtensibilityGlobals) = postSolution
		SolutionGuid = {0F4205E0-D0CC-4346-9917-47DFA4ACD29A}
	EndGlobalSection
EndGlobal
