
Microsoft Visual Studio Solution File, Format Version 12.00
# Visual Studio Version 17
VisualStudioVersion = 17.5.33502.453
MinimumVisualStudioVersion = 10.0.40219.1
Project("{FAE04EC0-301F-11D3-BF4B-00C04F79EFBC}") = "assign sum of two number", "assign sum of two number\assign sum of two number.csproj", "{4A92FAED-A157-404C-BDB6-BC388AC90700}"
EndProject
Global
	GlobalSection(SolutionConfigurationPlatforms) = preSolution
		Debug|Any CPU = Debug|Any CPU
		Release|Any CPU = Release|Any CPU
	EndGlobalSection
	GlobalSection(ProjectConfigurationPlatforms) = postSolution
		{4A92FAED-A157-404C-BDB6-BC388AC90700}.Debug|Any CPU.ActiveCfg = Debug|Any CPU
		{4A92FAED-A157-404C-BDB6-BC388AC90700}.Debug|Any CPU.Build.0 = Debug|Any CPU
		{4A92FAED-A157-404C-BDB6-BC388AC90700}.Release|Any CPU.ActiveCfg = Release|Any CPU
		{4A92FAED-A157-404C-BDB6-BC388AC90700}.Release|Any CPU.Build.0 = Release|Any CPU
	EndGlobalSection
	GlobalSection(SolutionProperties) = preSolution
		HideSolutionNode = FALSE
	EndGlobalSection
	GlobalSection(ExtensibilityGlobals) = postSolution
		SolutionGuid = {D844AB98-9E61-42F0-94D0-4A539304788E}
	EndGlobalSection
EndGlobal
