
Microsoft Visual Studio Solution File, Format Version 12.00
# Visual Studio Version 17
VisualStudioVersion = 17.5.33502.453
MinimumVisualStudioVersion = 10.0.40219.1
Project("{FAE04EC0-301F-11D3-BF4B-00C04F79EFBC}") = "Ado StaticConnection", "Ado StaticConnection\Ado StaticConnection.csproj", "{B66BAF0D-7137-407C-BE72-3E3C7E4DFDE8}"
EndProject
Global
	GlobalSection(SolutionConfigurationPlatforms) = preSolution
		Debug|Any CPU = Debug|Any CPU
		Release|Any CPU = Release|Any CPU
	EndGlobalSection
	GlobalSection(ProjectConfigurationPlatforms) = postSolution
		{B66BAF0D-7137-407C-BE72-3E3C7E4DFDE8}.Debug|Any CPU.ActiveCfg = Debug|Any CPU
		{B66BAF0D-7137-407C-BE72-3E3C7E4DFDE8}.Debug|Any CPU.Build.0 = Debug|Any CPU
		{B66BAF0D-7137-407C-BE72-3E3C7E4DFDE8}.Release|Any CPU.ActiveCfg = Release|Any CPU
		{B66BAF0D-7137-407C-BE72-3E3C7E4DFDE8}.Release|Any CPU.Build.0 = Release|Any CPU
	EndGlobalSection
	GlobalSection(SolutionProperties) = preSolution
		HideSolutionNode = FALSE
	EndGlobalSection
	GlobalSection(ExtensibilityGlobals) = postSolution
		SolutionGuid = {7F98870D-9695-4141-B548-210C952955F0}
	EndGlobalSection
EndGlobal
