
Microsoft Visual Studio Solution File, Format Version 12.00
# Visual Studio Version 17
VisualStudioVersion = 17.5.33502.453
MinimumVisualStudioVersion = 10.0.40219.1
Project("{FAE04EC0-301F-11D3-BF4B-00C04F79EFBC}") = "Sample 2", "Sample 2\Sample 2.csproj", "{C225D8F3-B1C1-4E16-9FA4-01210F9F6052}"
EndProject
Global
	GlobalSection(SolutionConfigurationPlatforms) = preSolution
		Debug|Any CPU = Debug|Any CPU
		Release|Any CPU = Release|Any CPU
	EndGlobalSection
	GlobalSection(ProjectConfigurationPlatforms) = postSolution
		{C225D8F3-B1C1-4E16-9FA4-01210F9F6052}.Debug|Any CPU.ActiveCfg = Debug|Any CPU
		{C225D8F3-B1C1-4E16-9FA4-01210F9F6052}.Debug|Any CPU.Build.0 = Debug|Any CPU
		{C225D8F3-B1C1-4E16-9FA4-01210F9F6052}.Release|Any CPU.ActiveCfg = Release|Any CPU
		{C225D8F3-B1C1-4E16-9FA4-01210F9F6052}.Release|Any CPU.Build.0 = Release|Any CPU
	EndGlobalSection
	GlobalSection(SolutionProperties) = preSolution
		HideSolutionNode = FALSE
	EndGlobalSection
	GlobalSection(ExtensibilityGlobals) = postSolution
		SolutionGuid = {8B42654C-85B5-4F84-A549-A50B0F258754}
	EndGlobalSection
EndGlobal
