
Microsoft Visual Studio Solution File, Format Version 12.00
# Visual Studio Version 17
VisualStudioVersion = 17.5.33502.453
MinimumVisualStudioVersion = 10.0.40219.1
Project("{FAE04EC0-301F-11D3-BF4B-00C04F79EFBC}") = "multilevel  inheritance", "multilevel  inheritance\multilevel  inheritance.csproj", "{34B164FB-A1B2-45D8-BEBC-1C052BF55044}"
EndProject
Global
	GlobalSection(SolutionConfigurationPlatforms) = preSolution
		Debug|Any CPU = Debug|Any CPU
		Release|Any CPU = Release|Any CPU
	EndGlobalSection
	GlobalSection(ProjectConfigurationPlatforms) = postSolution
		{34B164FB-A1B2-45D8-BEBC-1C052BF55044}.Debug|Any CPU.ActiveCfg = Debug|Any CPU
		{34B164FB-A1B2-45D8-BEBC-1C052BF55044}.Debug|Any CPU.Build.0 = Debug|Any CPU
		{34B164FB-A1B2-45D8-BEBC-1C052BF55044}.Release|Any CPU.ActiveCfg = Release|Any CPU
		{34B164FB-A1B2-45D8-BEBC-1C052BF55044}.Release|Any CPU.Build.0 = Release|Any CPU
	EndGlobalSection
	GlobalSection(SolutionProperties) = preSolution
		HideSolutionNode = FALSE
	EndGlobalSection
	GlobalSection(ExtensibilityGlobals) = postSolution
		SolutionGuid = {719484B8-B320-4552-BAA9-D54FFA565E45}
	EndGlobalSection
EndGlobal
