
Microsoft Visual Studio Solution File, Format Version 12.00
# Visual Studio Version 17
VisualStudioVersion = 17.5.33502.453
MinimumVisualStudioVersion = 10.0.40219.1
Project("{FAE04EC0-301F-11D3-BF4B-00C04F79EFBC}") = "1 hello program", "1 hello program\1 hello program.csproj", "{B38828AA-EAAE-4CDD-9C48-4E4E9054C344}"
EndProject
Global
	GlobalSection(SolutionConfigurationPlatforms) = preSolution
		Debug|Any CPU = Debug|Any CPU
		Release|Any CPU = Release|Any CPU
	EndGlobalSection
	GlobalSection(ProjectConfigurationPlatforms) = postSolution
		{B38828AA-EAAE-4CDD-9C48-4E4E9054C344}.Debug|Any CPU.ActiveCfg = Debug|Any CPU
		{B38828AA-EAAE-4CDD-9C48-4E4E9054C344}.Debug|Any CPU.Build.0 = Debug|Any CPU
		{B38828AA-EAAE-4CDD-9C48-4E4E9054C344}.Release|Any CPU.ActiveCfg = Release|Any CPU
		{B38828AA-EAAE-4CDD-9C48-4E4E9054C344}.Release|Any CPU.Build.0 = Release|Any CPU
	EndGlobalSection
	GlobalSection(SolutionProperties) = preSolution
		HideSolutionNode = FALSE
	EndGlobalSection
	GlobalSection(ExtensibilityGlobals) = postSolution
		SolutionGuid = {32F5B775-9198-4F9E-B339-47DF0B43B0A0}
	EndGlobalSection
EndGlobal
