
Microsoft Visual Studio Solution File, Format Version 12.00
# Visual Studio Version 17
VisualStudioVersion = 17.5.33502.453
MinimumVisualStudioVersion = 10.0.40219.1
Project("{FAE04EC0-301F-11D3-BF4B-00C04F79EFBC}") = "ConsoleApp5", "ConsoleApp5\ConsoleApp5.csproj", "{00F0CB0F-CE4D-4CC0-8710-79020A6A09AB}"
EndProject
Global
	GlobalSection(SolutionConfigurationPlatforms) = preSolution
		Debug|Any CPU = Debug|Any CPU
		Release|Any CPU = Release|Any CPU
	EndGlobalSection
	GlobalSection(ProjectConfigurationPlatforms) = postSolution
		{00F0CB0F-CE4D-4CC0-8710-79020A6A09AB}.Debug|Any CPU.ActiveCfg = Debug|Any CPU
		{00F0CB0F-CE4D-4CC0-8710-79020A6A09AB}.Debug|Any CPU.Build.0 = Debug|Any CPU
		{00F0CB0F-CE4D-4CC0-8710-79020A6A09AB}.Release|Any CPU.ActiveCfg = Release|Any CPU
		{00F0CB0F-CE4D-4CC0-8710-79020A6A09AB}.Release|Any CPU.Build.0 = Release|Any CPU
	EndGlobalSection
	GlobalSection(SolutionProperties) = preSolution
		HideSolutionNode = FALSE
	EndGlobalSection
	GlobalSection(ExtensibilityGlobals) = postSolution
		SolutionGuid = {308E0E37-8160-46EC-A528-DD8F82F76A61}
	EndGlobalSection
EndGlobal
