
Microsoft Visual Studio Solution File, Format Version 12.00
# Visual Studio Version 17
VisualStudioVersion = 17.5.33502.453
MinimumVisualStudioVersion = 10.0.40219.1
Project("{FAE04EC0-301F-11D3-BF4B-00C04F79EFBC}") = "pyramid", "pyramid\pyramid.csproj", "{6E6AB046-2FEC-4CAE-A3C9-2631D6A435EF}"
EndProject
Global
	GlobalSection(SolutionConfigurationPlatforms) = preSolution
		Debug|Any CPU = Debug|Any CPU
		Release|Any CPU = Release|Any CPU
	EndGlobalSection
	GlobalSection(ProjectConfigurationPlatforms) = postSolution
		{6E6AB046-2FEC-4CAE-A3C9-2631D6A435EF}.Debug|Any CPU.ActiveCfg = Debug|Any CPU
		{6E6AB046-2FEC-4CAE-A3C9-2631D6A435EF}.Debug|Any CPU.Build.0 = Debug|Any CPU
		{6E6AB046-2FEC-4CAE-A3C9-2631D6A435EF}.Release|Any CPU.ActiveCfg = Release|Any CPU
		{6E6AB046-2FEC-4CAE-A3C9-2631D6A435EF}.Release|Any CPU.Build.0 = Release|Any CPU
	EndGlobalSection
	GlobalSection(SolutionProperties) = preSolution
		HideSolutionNode = FALSE
	EndGlobalSection
	GlobalSection(ExtensibilityGlobals) = postSolution
		SolutionGuid = {B149CF98-3C9C-4882-8D72-01BB3F1284EE}
	EndGlobalSection
EndGlobal
