
Microsoft Visual Studio Solution File, Format Version 12.00
# Visual Studio Version 17
VisualStudioVersion = 17.5.33502.453
MinimumVisualStudioVersion = 10.0.40219.1
Project("{FAE04EC0-301F-11D3-BF4B-00C04F79EFBC}") = "36 program", "36 program\36 program.csproj", "{46F7863E-1D24-4566-958A-3F7F3AB17F5E}"
EndProject
Global
	GlobalSection(SolutionConfigurationPlatforms) = preSolution
		Debug|Any CPU = Debug|Any CPU
		Release|Any CPU = Release|Any CPU
	EndGlobalSection
	GlobalSection(ProjectConfigurationPlatforms) = postSolution
		{46F7863E-1D24-4566-958A-3F7F3AB17F5E}.Debug|Any CPU.ActiveCfg = Debug|Any CPU
		{46F7863E-1D24-4566-958A-3F7F3AB17F5E}.Debug|Any CPU.Build.0 = Debug|Any CPU
		{46F7863E-1D24-4566-958A-3F7F3AB17F5E}.Release|Any CPU.ActiveCfg = Release|Any CPU
		{46F7863E-1D24-4566-958A-3F7F3AB17F5E}.Release|Any CPU.Build.0 = Release|Any CPU
	EndGlobalSection
	GlobalSection(SolutionProperties) = preSolution
		HideSolutionNode = FALSE
	EndGlobalSection
	GlobalSection(ExtensibilityGlobals) = postSolution
		SolutionGuid = {9DB000FA-87B9-4366-9501-E9C80B36F7CF}
	EndGlobalSection
EndGlobal
