
Microsoft Visual Studio Solution File, Format Version 12.00
# Visual Studio Version 17
VisualStudioVersion = 17.5.33502.453
MinimumVisualStudioVersion = 10.0.40219.1
Project("{FAE04EC0-301F-11D3-BF4B-00C04F79EFBC}") = "Polymorphism4", "Polymorphism4\Polymorphism4.csproj", "{B8B4D8B9-A2CE-475F-ACB0-3E2900E1330A}"
EndProject
Global
	GlobalSection(SolutionConfigurationPlatforms) = preSolution
		Debug|Any CPU = Debug|Any CPU
		Release|Any CPU = Release|Any CPU
	EndGlobalSection
	GlobalSection(ProjectConfigurationPlatforms) = postSolution
		{B8B4D8B9-A2CE-475F-ACB0-3E2900E1330A}.Debug|Any CPU.ActiveCfg = Debug|Any CPU
		{B8B4D8B9-A2CE-475F-ACB0-3E2900E1330A}.Debug|Any CPU.Build.0 = Debug|Any CPU
		{B8B4D8B9-A2CE-475F-ACB0-3E2900E1330A}.Release|Any CPU.ActiveCfg = Release|Any CPU
		{B8B4D8B9-A2CE-475F-ACB0-3E2900E1330A}.Release|Any CPU.Build.0 = Release|Any CPU
	EndGlobalSection
	GlobalSection(SolutionProperties) = preSolution
		HideSolutionNode = FALSE
	EndGlobalSection
	GlobalSection(ExtensibilityGlobals) = postSolution
		SolutionGuid = {955E8638-0CF1-4B31-B629-046A5AF5AFFA}
	EndGlobalSection
EndGlobal
