
Microsoft Visual Studio Solution File, Format Version 12.00
# Visual Studio Version 17
VisualStudioVersion = 17.5.33502.453
MinimumVisualStudioVersion = 10.0.40219.1
Project("{FAE04EC0-301F-11D3-BF4B-00C04F79EFBC}") = "Haldiram", "Haldiram\Haldiram.csproj", "{560D2E63-5561-4770-AF71-2DA453A4CAE6}"
EndProject
Global
	GlobalSection(SolutionConfigurationPlatforms) = preSolution
		Debug|Any CPU = Debug|Any CPU
		Release|Any CPU = Release|Any CPU
	EndGlobalSection
	GlobalSection(ProjectConfigurationPlatforms) = postSolution
		{560D2E63-5561-4770-AF71-2DA453A4CAE6}.Debug|Any CPU.ActiveCfg = Debug|Any CPU
		{560D2E63-5561-4770-AF71-2DA453A4CAE6}.Debug|Any CPU.Build.0 = Debug|Any CPU
		{560D2E63-5561-4770-AF71-2DA453A4CAE6}.Release|Any CPU.ActiveCfg = Release|Any CPU
		{560D2E63-5561-4770-AF71-2DA453A4CAE6}.Release|Any CPU.Build.0 = Release|Any CPU
	EndGlobalSection
	GlobalSection(SolutionProperties) = preSolution
		HideSolutionNode = FALSE
	EndGlobalSection
	GlobalSection(ExtensibilityGlobals) = postSolution
		SolutionGuid = {CE734C9B-C1F4-4634-9387-00EDC75B6C0A}
	EndGlobalSection
EndGlobal
