
Microsoft Visual Studio Solution File, Format Version 12.00
# Visual Studio Version 17
VisualStudioVersion = 17.5.33502.453
MinimumVisualStudioVersion = 10.0.40219.1
Project("{FAE04EC0-301F-11D3-BF4B-00C04F79EFBC}") = "form for deposit and withdrawl", "form for deposit and withdrawl\form for deposit and withdrawl.csproj", "{D6290C37-576F-4E70-85D6-593F91447381}"
EndProject
Global
	GlobalSection(SolutionConfigurationPlatforms) = preSolution
		Debug|Any CPU = Debug|Any CPU
		Release|Any CPU = Release|Any CPU
	EndGlobalSection
	GlobalSection(ProjectConfigurationPlatforms) = postSolution
		{D6290C37-576F-4E70-85D6-593F91447381}.Debug|Any CPU.ActiveCfg = Debug|Any CPU
		{D6290C37-576F-4E70-85D6-593F91447381}.Debug|Any CPU.Build.0 = Debug|Any CPU
		{D6290C37-576F-4E70-85D6-593F91447381}.Release|Any CPU.ActiveCfg = Release|Any CPU
		{D6290C37-576F-4E70-85D6-593F91447381}.Release|Any CPU.Build.0 = Release|Any CPU
	EndGlobalSection
	GlobalSection(SolutionProperties) = preSolution
		HideSolutionNode = FALSE
	EndGlobalSection
	GlobalSection(ExtensibilityGlobals) = postSolution
		SolutionGuid = {624457F2-7374-4061-B1E9-CD47232CC979}
	EndGlobalSection
EndGlobal
