
Microsoft Visual Studio Solution File, Format Version 12.00
# Visual Studio Version 17
VisualStudioVersion = 17.5.33502.453
MinimumVisualStudioVersion = 10.0.40219.1
Project("{FAE04EC0-301F-11D3-BF4B-00C04F79EFBC}") = "49 program", "49 program\49 program.csproj", "{7D296176-0848-438A-B150-12715B636906}"
EndProject
Global
	GlobalSection(SolutionConfigurationPlatforms) = preSolution
		Debug|Any CPU = Debug|Any CPU
		Release|Any CPU = Release|Any CPU
	EndGlobalSection
	GlobalSection(ProjectConfigurationPlatforms) = postSolution
		{7D296176-0848-438A-B150-12715B636906}.Debug|Any CPU.ActiveCfg = Debug|Any CPU
		{7D296176-0848-438A-B150-12715B636906}.Debug|Any CPU.Build.0 = Debug|Any CPU
		{7D296176-0848-438A-B150-12715B636906}.Release|Any CPU.ActiveCfg = Release|Any CPU
		{7D296176-0848-438A-B150-12715B636906}.Release|Any CPU.Build.0 = Release|Any CPU
	EndGlobalSection
	GlobalSection(SolutionProperties) = preSolution
		HideSolutionNode = FALSE
	EndGlobalSection
	GlobalSection(ExtensibilityGlobals) = postSolution
		SolutionGuid = {A57E9A19-2772-4BE6-93F0-963CD2446349}
	EndGlobalSection
EndGlobal
