
Microsoft Visual Studio Solution File, Format Version 12.00
# Visual Studio Version 17
VisualStudioVersion = 17.5.33502.453
MinimumVisualStudioVersion = 10.0.40219.1
Project("{FAE04EC0-301F-11D3-BF4B-00C04F79EFBC}") = "63 program", "63 program\63 program.csproj", "{FDED7673-4619-4F5F-8F48-69F25E176813}"
EndProject
Global
	GlobalSection(SolutionConfigurationPlatforms) = preSolution
		Debug|Any CPU = Debug|Any CPU
		Release|Any CPU = Release|Any CPU
	EndGlobalSection
	GlobalSection(ProjectConfigurationPlatforms) = postSolution
		{FDED7673-4619-4F5F-8F48-69F25E176813}.Debug|Any CPU.ActiveCfg = Debug|Any CPU
		{FDED7673-4619-4F5F-8F48-69F25E176813}.Debug|Any CPU.Build.0 = Debug|Any CPU
		{FDED7673-4619-4F5F-8F48-69F25E176813}.Release|Any CPU.ActiveCfg = Release|Any CPU
		{FDED7673-4619-4F5F-8F48-69F25E176813}.Release|Any CPU.Build.0 = Release|Any CPU
	EndGlobalSection
	GlobalSection(SolutionProperties) = preSolution
		HideSolutionNode = FALSE
	EndGlobalSection
	GlobalSection(ExtensibilityGlobals) = postSolution
		SolutionGuid = {1DBAFE7A-BBCF-4CC1-9A1D-1982512B7F45}
	EndGlobalSection
EndGlobal
