
Microsoft Visual Studio Solution File, Format Version 12.00
# Visual Studio Version 17
VisualStudioVersion = 17.5.33502.453
MinimumVisualStudioVersion = 10.0.40219.1
Project("{FAE04EC0-301F-11D3-BF4B-00C04F79EFBC}") = "employe having field & method", "employe having field & method\employe having field & method.csproj", "{12131622-59B2-4505-95E9-39C9569AB627}"
EndProject
Global
	GlobalSection(SolutionConfigurationPlatforms) = preSolution
		Debug|Any CPU = Debug|Any CPU
		Release|Any CPU = Release|Any CPU
	EndGlobalSection
	GlobalSection(ProjectConfigurationPlatforms) = postSolution
		{12131622-59B2-4505-95E9-39C9569AB627}.Debug|Any CPU.ActiveCfg = Debug|Any CPU
		{12131622-59B2-4505-95E9-39C9569AB627}.Debug|Any CPU.Build.0 = Debug|Any CPU
		{12131622-59B2-4505-95E9-39C9569AB627}.Release|Any CPU.ActiveCfg = Release|Any CPU
		{12131622-59B2-4505-95E9-39C9569AB627}.Release|Any CPU.Build.0 = Release|Any CPU
	EndGlobalSection
	GlobalSection(SolutionProperties) = preSolution
		HideSolutionNode = FALSE
	EndGlobalSection
	GlobalSection(ExtensibilityGlobals) = postSolution
		SolutionGuid = {54943132-E736-495F-8F70-145BADA0D7B5}
	EndGlobalSection
EndGlobal
