
Microsoft Visual Studio Solution File, Format Version 12.00
# Visual Studio Version 17
VisualStudioVersion = 17.5.33502.453
MinimumVisualStudioVersion = 10.0.40219.1
Project("{FAE04EC0-301F-11D3-BF4B-00C04F79EFBC}") = "6 add 3 num", "6 add 3 num\6 add 3 num.csproj", "{C0C5D34D-3DCE-4B17-BA23-FC43EBF70900}"
EndProject
Global
	GlobalSection(SolutionConfigurationPlatforms) = preSolution
		Debug|Any CPU = Debug|Any CPU
		Release|Any CPU = Release|Any CPU
	EndGlobalSection
	GlobalSection(ProjectConfigurationPlatforms) = postSolution
		{C0C5D34D-3DCE-4B17-BA23-FC43EBF70900}.Debug|Any CPU.ActiveCfg = Debug|Any CPU
		{C0C5D34D-3DCE-4B17-BA23-FC43EBF70900}.Debug|Any CPU.Build.0 = Debug|Any CPU
		{C0C5D34D-3DCE-4B17-BA23-FC43EBF70900}.Release|Any CPU.ActiveCfg = Release|Any CPU
		{C0C5D34D-3DCE-4B17-BA23-FC43EBF70900}.Release|Any CPU.Build.0 = Release|Any CPU
	EndGlobalSection
	GlobalSection(SolutionProperties) = preSolution
		HideSolutionNode = FALSE
	EndGlobalSection
	GlobalSection(ExtensibilityGlobals) = postSolution
		SolutionGuid = {DA76044C-FDF6-4D5A-8421-3A1F312CB00D}
	EndGlobalSection
EndGlobal
