
Microsoft Visual Studio Solution File, Format Version 12.00
# Visual Studio Version 17
VisualStudioVersion = 17.5.33502.453
MinimumVisualStudioVersion = 10.0.40219.1
Project("{FAE04EC0-301F-11D3-BF4B-00C04F79EFBC}") = "method square", "method square\method square.csproj", "{C70B9BD8-1886-49E7-A8D6-BB9A47FAB81C}"
EndProject
Global
	GlobalSection(SolutionConfigurationPlatforms) = preSolution
		Debug|Any CPU = Debug|Any CPU
		Release|Any CPU = Release|Any CPU
	EndGlobalSection
	GlobalSection(ProjectConfigurationPlatforms) = postSolution
		{C70B9BD8-1886-49E7-A8D6-BB9A47FAB81C}.Debug|Any CPU.ActiveCfg = Debug|Any CPU
		{C70B9BD8-1886-49E7-A8D6-BB9A47FAB81C}.Debug|Any CPU.Build.0 = Debug|Any CPU
		{C70B9BD8-1886-49E7-A8D6-BB9A47FAB81C}.Release|Any CPU.ActiveCfg = Release|Any CPU
		{C70B9BD8-1886-49E7-A8D6-BB9A47FAB81C}.Release|Any CPU.Build.0 = Release|Any CPU
	EndGlobalSection
	GlobalSection(SolutionProperties) = preSolution
		HideSolutionNode = FALSE
	EndGlobalSection
	GlobalSection(ExtensibilityGlobals) = postSolution
		SolutionGuid = {70619ED0-775B-4A70-B766-A65B84B3703E}
	EndGlobalSection
EndGlobal
