
Microsoft Visual Studio Solution File, Format Version 12.00
# Visual Studio Version 17
VisualStudioVersion = 17.5.33502.453
MinimumVisualStudioVersion = 10.0.40219.1
Project("{FAE04EC0-301F-11D3-BF4B-00C04F79EFBC}") = "Multiplication of matrix", "Multiplication of matrix\Multiplication of matrix.csproj", "{6061DE40-0514-45CF-A16F-2628BE56E22A}"
EndProject
Global
	GlobalSection(SolutionConfigurationPlatforms) = preSolution
		Debug|Any CPU = Debug|Any CPU
		Release|Any CPU = Release|Any CPU
	EndGlobalSection
	GlobalSection(ProjectConfigurationPlatforms) = postSolution
		{6061DE40-0514-45CF-A16F-2628BE56E22A}.Debug|Any CPU.ActiveCfg = Debug|Any CPU
		{6061DE40-0514-45CF-A16F-2628BE56E22A}.Debug|Any CPU.Build.0 = Debug|Any CPU
		{6061DE40-0514-45CF-A16F-2628BE56E22A}.Release|Any CPU.ActiveCfg = Release|Any CPU
		{6061DE40-0514-45CF-A16F-2628BE56E22A}.Release|Any CPU.Build.0 = Release|Any CPU
	EndGlobalSection
	GlobalSection(SolutionProperties) = preSolution
		HideSolutionNode = FALSE
	EndGlobalSection
	GlobalSection(ExtensibilityGlobals) = postSolution
		SolutionGuid = {B440020B-8E9F-42D8-AAB9-511250FF990D}
	EndGlobalSection
EndGlobal
