
Microsoft Visual Studio Solution File, Format Version 12.00
# Visual Studio Version 17
VisualStudioVersion = 17.5.33502.453
MinimumVisualStudioVersion = 10.0.40219.1
Project("{FAE04EC0-301F-11D3-BF4B-00C04F79EFBC}") = "Polymorphism3", "Polymorphism3\Polymorphism3.csproj", "{B08FE349-AAEB-4AD3-8AEF-79C0A4827E9C}"
EndProject
Global
	GlobalSection(SolutionConfigurationPlatforms) = preSolution
		Debug|Any CPU = Debug|Any CPU
		Release|Any CPU = Release|Any CPU
	EndGlobalSection
	GlobalSection(ProjectConfigurationPlatforms) = postSolution
		{B08FE349-AAEB-4AD3-8AEF-79C0A4827E9C}.Debug|Any CPU.ActiveCfg = Debug|Any CPU
		{B08FE349-AAEB-4AD3-8AEF-79C0A4827E9C}.Debug|Any CPU.Build.0 = Debug|Any CPU
		{B08FE349-AAEB-4AD3-8AEF-79C0A4827E9C}.Release|Any CPU.ActiveCfg = Release|Any CPU
		{B08FE349-AAEB-4AD3-8AEF-79C0A4827E9C}.Release|Any CPU.Build.0 = Release|Any CPU
	EndGlobalSection
	GlobalSection(SolutionProperties) = preSolution
		HideSolutionNode = FALSE
	EndGlobalSection
	GlobalSection(ExtensibilityGlobals) = postSolution
		SolutionGuid = {A522EB98-C792-4410-B2B7-BF908335247C}
	EndGlobalSection
EndGlobal
