
Microsoft Visual Studio Solution File, Format Version 12.00
# Visual Studio Version 17
VisualStudioVersion = 17.5.33502.453
MinimumVisualStudioVersion = 10.0.40219.1
Project("{FAE04EC0-301F-11D3-BF4B-00C04F79EFBC}") = "Array 8 rotate elements of an array to right", "Array 8 rotate elements of an array to right\Array 8 rotate elements of an array to right.csproj", "{67479A7F-9DB6-4932-93CB-391B078284A8}"
EndProject
Global
	GlobalSection(SolutionConfigurationPlatforms) = preSolution
		Debug|Any CPU = Debug|Any CPU
		Release|Any CPU = Release|Any CPU
	EndGlobalSection
	GlobalSection(ProjectConfigurationPlatforms) = postSolution
		{67479A7F-9DB6-4932-93CB-391B078284A8}.Debug|Any CPU.ActiveCfg = Debug|Any CPU
		{67479A7F-9DB6-4932-93CB-391B078284A8}.Debug|Any CPU.Build.0 = Debug|Any CPU
		{67479A7F-9DB6-4932-93CB-391B078284A8}.Release|Any CPU.ActiveCfg = Release|Any CPU
		{67479A7F-9DB6-4932-93CB-391B078284A8}.Release|Any CPU.Build.0 = Release|Any CPU
	EndGlobalSection
	GlobalSection(SolutionProperties) = preSolution
		HideSolutionNode = FALSE
	EndGlobalSection
	GlobalSection(ExtensibilityGlobals) = postSolution
		SolutionGuid = {59086043-C570-4DAE-9845-7C2E0DC3D800}
	EndGlobalSection
EndGlobal
