
Microsoft Visual Studio Solution File, Format Version 12.00
# Visual Studio Version 17
VisualStudioVersion = 17.5.33502.453
MinimumVisualStudioVersion = 10.0.40219.1
Project("{FAE04EC0-301F-11D3-BF4B-00C04F79EFBC}") = "2 2 dimension", "2 2 dimension\2 2 dimension.csproj", "{F6C7F277-356A-48AB-A925-B9FC1897308A}"
EndProject
Global
	GlobalSection(SolutionConfigurationPlatforms) = preSolution
		Debug|Any CPU = Debug|Any CPU
		Release|Any CPU = Release|Any CPU
	EndGlobalSection
	GlobalSection(ProjectConfigurationPlatforms) = postSolution
		{F6C7F277-356A-48AB-A925-B9FC1897308A}.Debug|Any CPU.ActiveCfg = Debug|Any CPU
		{F6C7F277-356A-48AB-A925-B9FC1897308A}.Debug|Any CPU.Build.0 = Debug|Any CPU
		{F6C7F277-356A-48AB-A925-B9FC1897308A}.Release|Any CPU.ActiveCfg = Release|Any CPU
		{F6C7F277-356A-48AB-A925-B9FC1897308A}.Release|Any CPU.Build.0 = Release|Any CPU
	EndGlobalSection
	GlobalSection(SolutionProperties) = preSolution
		HideSolutionNode = FALSE
	EndGlobalSection
	GlobalSection(ExtensibilityGlobals) = postSolution
		SolutionGuid = {783F24B7-B228-472C-9147-268191BA8AC7}
	EndGlobalSection
EndGlobal
