
Microsoft Visual Studio Solution File, Format Version 12.00
# Visual Studio Version 17
VisualStudioVersion = 17.5.33502.453
MinimumVisualStudioVersion = 10.0.40219.1
Project("{FAE04EC0-301F-11D3-BF4B-00C04F79EFBC}") = "class order", "class order\class order.csproj", "{D53DE69A-6094-437B-9E6E-8F544B840D86}"
EndProject
Global
	GlobalSection(SolutionConfigurationPlatforms) = preSolution
		Debug|Any CPU = Debug|Any CPU
		Release|Any CPU = Release|Any CPU
	EndGlobalSection
	GlobalSection(ProjectConfigurationPlatforms) = postSolution
		{D53DE69A-6094-437B-9E6E-8F544B840D86}.Debug|Any CPU.ActiveCfg = Debug|Any CPU
		{D53DE69A-6094-437B-9E6E-8F544B840D86}.Debug|Any CPU.Build.0 = Debug|Any CPU
		{D53DE69A-6094-437B-9E6E-8F544B840D86}.Release|Any CPU.ActiveCfg = Release|Any CPU
		{D53DE69A-6094-437B-9E6E-8F544B840D86}.Release|Any CPU.Build.0 = Release|Any CPU
	EndGlobalSection
	GlobalSection(SolutionProperties) = preSolution
		HideSolutionNode = FALSE
	EndGlobalSection
	GlobalSection(ExtensibilityGlobals) = postSolution
		SolutionGuid = {42D2CBA4-229D-4F4D-8EAF-CB3933DA2E49}
	EndGlobalSection
EndGlobal
