
Microsoft Visual Studio Solution File, Format Version 12.00
# Visual Studio Version 17
VisualStudioVersion = 17.5.33502.453
MinimumVisualStudioVersion = 10.0.40219.1
Project("{FAE04EC0-301F-11D3-BF4B-00C04F79EFBC}") = "ConsoleApp4", "ConsoleApp4\ConsoleApp4.csproj", "{02E87D34-BAF5-43D6-BC4D-ABB95B421222}"
EndProject
Global
	GlobalSection(SolutionConfigurationPlatforms) = preSolution
		Debug|Any CPU = Debug|Any CPU
		Release|Any CPU = Release|Any CPU
	EndGlobalSection
	GlobalSection(ProjectConfigurationPlatforms) = postSolution
		{02E87D34-BAF5-43D6-BC4D-ABB95B421222}.Debug|Any CPU.ActiveCfg = Debug|Any CPU
		{02E87D34-BAF5-43D6-BC4D-ABB95B421222}.Debug|Any CPU.Build.0 = Debug|Any CPU
		{02E87D34-BAF5-43D6-BC4D-ABB95B421222}.Release|Any CPU.ActiveCfg = Release|Any CPU
		{02E87D34-BAF5-43D6-BC4D-ABB95B421222}.Release|Any CPU.Build.0 = Release|Any CPU
	EndGlobalSection
	GlobalSection(SolutionProperties) = preSolution
		HideSolutionNode = FALSE
	EndGlobalSection
	GlobalSection(ExtensibilityGlobals) = postSolution
		SolutionGuid = {343EC392-D7C2-4A0A-9CF4-ACAEF7AA1DD5}
	EndGlobalSection
EndGlobal
