
Microsoft Visual Studio Solution File, Format Version 12.00
# Visual Studio Version 17
VisualStudioVersion = 17.5.33502.453
MinimumVisualStudioVersion = 10.0.40219.1
Project("{FAE04EC0-301F-11D3-BF4B-00C04F79EFBC}") = "runtime polymorphism 1", "runtime polymorphism 1\runtime polymorphism 1.csproj", "{198EE3F4-460D-4776-99D1-B68609FCEEC1}"
EndProject
Global
	GlobalSection(SolutionConfigurationPlatforms) = preSolution
		Debug|Any CPU = Debug|Any CPU
		Release|Any CPU = Release|Any CPU
	EndGlobalSection
	GlobalSection(ProjectConfigurationPlatforms) = postSolution
		{198EE3F4-460D-4776-99D1-B68609FCEEC1}.Debug|Any CPU.ActiveCfg = Debug|Any CPU
		{198EE3F4-460D-4776-99D1-B68609FCEEC1}.Debug|Any CPU.Build.0 = Debug|Any CPU
		{198EE3F4-460D-4776-99D1-B68609FCEEC1}.Release|Any CPU.ActiveCfg = Release|Any CPU
		{198EE3F4-460D-4776-99D1-B68609FCEEC1}.Release|Any CPU.Build.0 = Release|Any CPU
	EndGlobalSection
	GlobalSection(SolutionProperties) = preSolution
		HideSolutionNode = FALSE
	EndGlobalSection
	GlobalSection(ExtensibilityGlobals) = postSolution
		SolutionGuid = {FB7698C3-6C45-444F-A5E2-1D0BD9FA9677}
	EndGlobalSection
EndGlobal
