
Microsoft Visual Studio Solution File, Format Version 12.00
# Visual Studio Version 17
VisualStudioVersion = 17.5.33502.453
MinimumVisualStudioVersion = 10.0.40219.1
Project("{FAE04EC0-301F-11D3-BF4B-00C04F79EFBC}") = "abstract", "abstract\abstract.csproj", "{6F53298B-97EE-497F-B52B-47CC1F6860E0}"
EndProject
Global
	GlobalSection(SolutionConfigurationPlatforms) = preSolution
		Debug|Any CPU = Debug|Any CPU
		Release|Any CPU = Release|Any CPU
	EndGlobalSection
	GlobalSection(ProjectConfigurationPlatforms) = postSolution
		{6F53298B-97EE-497F-B52B-47CC1F6860E0}.Debug|Any CPU.ActiveCfg = Debug|Any CPU
		{6F53298B-97EE-497F-B52B-47CC1F6860E0}.Debug|Any CPU.Build.0 = Debug|Any CPU
		{6F53298B-97EE-497F-B52B-47CC1F6860E0}.Release|Any CPU.ActiveCfg = Release|Any CPU
		{6F53298B-97EE-497F-B52B-47CC1F6860E0}.Release|Any CPU.Build.0 = Release|Any CPU
	EndGlobalSection
	GlobalSection(SolutionProperties) = preSolution
		HideSolutionNode = FALSE
	EndGlobalSection
	GlobalSection(ExtensibilityGlobals) = postSolution
		SolutionGuid = {D537C836-C063-453E-93F2-6C6C02E2E947}
	EndGlobalSection
EndGlobal
