
Microsoft Visual Studio Solution File, Format Version 12.00
# Visual Studio Version 17
VisualStudioVersion = 17.5.33502.453
MinimumVisualStudioVersion = 10.0.40219.1
Project("{FAE04EC0-301F-11D3-BF4B-00C04F79EFBC}") = "Switch", "Switch\Switch.csproj", "{74FDE6A6-DFA0-42D8-9087-87E03C8E9E6A}"
EndProject
Global
	GlobalSection(SolutionConfigurationPlatforms) = preSolution
		Debug|Any CPU = Debug|Any CPU
		Release|Any CPU = Release|Any CPU
	EndGlobalSection
	GlobalSection(ProjectConfigurationPlatforms) = postSolution
		{74FDE6A6-DFA0-42D8-9087-87E03C8E9E6A}.Debug|Any CPU.ActiveCfg = Debug|Any CPU
		{74FDE6A6-DFA0-42D8-9087-87E03C8E9E6A}.Debug|Any CPU.Build.0 = Debug|Any CPU
		{74FDE6A6-DFA0-42D8-9087-87E03C8E9E6A}.Release|Any CPU.ActiveCfg = Release|Any CPU
		{74FDE6A6-DFA0-42D8-9087-87E03C8E9E6A}.Release|Any CPU.Build.0 = Release|Any CPU
	EndGlobalSection
	GlobalSection(SolutionProperties) = preSolution
		HideSolutionNode = FALSE
	EndGlobalSection
	GlobalSection(ExtensibilityGlobals) = postSolution
		SolutionGuid = {956430D6-08E8-4668-9257-030837C733FD}
	EndGlobalSection
EndGlobal
