
Microsoft Visual Studio Solution File, Format Version 12.00
# Visual Studio Version 17
VisualStudioVersion = 17.5.33502.453
MinimumVisualStudioVersion = 10.0.40219.1
Project("{FAE04EC0-301F-11D3-BF4B-00C04F79EFBC}") = "polymorphism", "polymorphism\polymorphism.csproj", "{DF7127CB-6653-459E-8495-B2A70305D841}"
EndProject
Global
	GlobalSection(SolutionConfigurationPlatforms) = preSolution
		Debug|Any CPU = Debug|Any CPU
		Release|Any CPU = Release|Any CPU
	EndGlobalSection
	GlobalSection(ProjectConfigurationPlatforms) = postSolution
		{DF7127CB-6653-459E-8495-B2A70305D841}.Debug|Any CPU.ActiveCfg = Debug|Any CPU
		{DF7127CB-6653-459E-8495-B2A70305D841}.Debug|Any CPU.Build.0 = Debug|Any CPU
		{DF7127CB-6653-459E-8495-B2A70305D841}.Release|Any CPU.ActiveCfg = Release|Any CPU
		{DF7127CB-6653-459E-8495-B2A70305D841}.Release|Any CPU.Build.0 = Release|Any CPU
	EndGlobalSection
	GlobalSection(SolutionProperties) = preSolution
		HideSolutionNode = FALSE
	EndGlobalSection
	GlobalSection(ExtensibilityGlobals) = postSolution
		SolutionGuid = {2C2794A6-24FD-4B00-9024-21828CF7A73E}
	EndGlobalSection
EndGlobal
