
Microsoft Visual Studio Solution File, Format Version 12.00
# Visual Studio Version 17
VisualStudioVersion = 17.5.33502.453
MinimumVisualStudioVersion = 10.0.40219.1
Project("{FAE04EC0-301F-11D3-BF4B-00C04F79EFBC}") = "pyramid form2", "pyramid form2\pyramid form2.csproj", "{90CF99B6-F48E-408E-AA6E-365EF86F3687}"
EndProject
Global
	GlobalSection(SolutionConfigurationPlatforms) = preSolution
		Debug|Any CPU = Debug|Any CPU
		Release|Any CPU = Release|Any CPU
	EndGlobalSection
	GlobalSection(ProjectConfigurationPlatforms) = postSolution
		{90CF99B6-F48E-408E-AA6E-365EF86F3687}.Debug|Any CPU.ActiveCfg = Debug|Any CPU
		{90CF99B6-F48E-408E-AA6E-365EF86F3687}.Debug|Any CPU.Build.0 = Debug|Any CPU
		{90CF99B6-F48E-408E-AA6E-365EF86F3687}.Release|Any CPU.ActiveCfg = Release|Any CPU
		{90CF99B6-F48E-408E-AA6E-365EF86F3687}.Release|Any CPU.Build.0 = Release|Any CPU
	EndGlobalSection
	GlobalSection(SolutionProperties) = preSolution
		HideSolutionNode = FALSE
	EndGlobalSection
	GlobalSection(ExtensibilityGlobals) = postSolution
		SolutionGuid = {F57AF780-9663-49D3-88A4-1FFCC22D8DE0}
	EndGlobalSection
EndGlobal
