
Microsoft Visual Studio Solution File, Format Version 12.00
# Visual Studio Version 17
VisualStudioVersion = 17.5.33502.453
MinimumVisualStudioVersion = 10.0.40219.1
Project("{FAE04EC0-301F-11D3-BF4B-00C04F79EFBC}") = "CheckFro", "CheckFro\CheckFro.csproj", "{ACA10AB9-9A0D-46F4-A41F-35504FB3B168}"
EndProject
Global
	GlobalSection(SolutionConfigurationPlatforms) = preSolution
		Debug|Any CPU = Debug|Any CPU
		Release|Any CPU = Release|Any CPU
	EndGlobalSection
	GlobalSection(ProjectConfigurationPlatforms) = postSolution
		{ACA10AB9-9A0D-46F4-A41F-35504FB3B168}.Debug|Any CPU.ActiveCfg = Debug|Any CPU
		{ACA10AB9-9A0D-46F4-A41F-35504FB3B168}.Debug|Any CPU.Build.0 = Debug|Any CPU
		{ACA10AB9-9A0D-46F4-A41F-35504FB3B168}.Release|Any CPU.ActiveCfg = Release|Any CPU
		{ACA10AB9-9A0D-46F4-A41F-35504FB3B168}.Release|Any CPU.Build.0 = Release|Any CPU
	EndGlobalSection
	GlobalSection(SolutionProperties) = preSolution
		HideSolutionNode = FALSE
	EndGlobalSection
	GlobalSection(ExtensibilityGlobals) = postSolution
		SolutionGuid = {5BAEBB25-65D1-43A9-8397-099D774B7A41}
	EndGlobalSection
EndGlobal
