
Microsoft Visual Studio Solution File, Format Version 12.00
# Visual Studio Version 17
VisualStudioVersion = 17.5.33502.453
MinimumVisualStudioVersion = 10.0.40219.1
Project("{FAE04EC0-301F-11D3-BF4B-00C04F79EFBC}") = "UserManagementex", "UserManagementex\UserManagementex.csproj", "{947A0E12-C47A-4E2B-B2EA-9354B57CBA02}"
EndProject
Global
	GlobalSection(SolutionConfigurationPlatforms) = preSolution
		Debug|Any CPU = Debug|Any CPU
		Release|Any CPU = Release|Any CPU
	EndGlobalSection
	GlobalSection(ProjectConfigurationPlatforms) = postSolution
		{947A0E12-C47A-4E2B-B2EA-9354B57CBA02}.Debug|Any CPU.ActiveCfg = Debug|Any CPU
		{947A0E12-C47A-4E2B-B2EA-9354B57CBA02}.Debug|Any CPU.Build.0 = Debug|Any CPU
		{947A0E12-C47A-4E2B-B2EA-9354B57CBA02}.Release|Any CPU.ActiveCfg = Release|Any CPU
		{947A0E12-C47A-4E2B-B2EA-9354B57CBA02}.Release|Any CPU.Build.0 = Release|Any CPU
	EndGlobalSection
	GlobalSection(SolutionProperties) = preSolution
		HideSolutionNode = FALSE
	EndGlobalSection
	GlobalSection(ExtensibilityGlobals) = postSolution
		SolutionGuid = {F55CD1A8-1AFA-40C5-84AD-1F28CBCDCF33}
	EndGlobalSection
EndGlobal
