
Microsoft Visual Studio Solution File, Format Version 12.00
# Visual Studio Version 17
VisualStudioVersion = 17.5.33502.453
MinimumVisualStudioVersion = 10.0.40219.1
Project("{FAE04EC0-301F-11D3-BF4B-00C04F79EFBC}") = "Enums", "Enums\Enums.csproj", "{622E9DA0-5640-4EE1-85BF-3C870BD0ADC1}"
EndProject
Global
	GlobalSection(SolutionConfigurationPlatforms) = preSolution
		Debug|Any CPU = Debug|Any CPU
		Release|Any CPU = Release|Any CPU
	EndGlobalSection
	GlobalSection(ProjectConfigurationPlatforms) = postSolution
		{622E9DA0-5640-4EE1-85BF-3C870BD0ADC1}.Debug|Any CPU.ActiveCfg = Debug|Any CPU
		{622E9DA0-5640-4EE1-85BF-3C870BD0ADC1}.Debug|Any CPU.Build.0 = Debug|Any CPU
		{622E9DA0-5640-4EE1-85BF-3C870BD0ADC1}.Release|Any CPU.ActiveCfg = Release|Any CPU
		{622E9DA0-5640-4EE1-85BF-3C870BD0ADC1}.Release|Any CPU.Build.0 = Release|Any CPU
	EndGlobalSection
	GlobalSection(SolutionProperties) = preSolution
		HideSolutionNode = FALSE
	EndGlobalSection
	GlobalSection(ExtensibilityGlobals) = postSolution
		SolutionGuid = {E2757F6B-1654-4C7F-B540-2391CA886042}
	EndGlobalSection
EndGlobal
