
Microsoft Visual Studio Solution File, Format Version 12.00
# Visual Studio Version 17
VisualStudioVersion = 17.5.33502.453
MinimumVisualStudioVersion = 10.0.40219.1
Project("{FAE04EC0-301F-11D3-BF4B-00C04F79EFBC}") = "cls employee without parameter", "cls employee without parameter\cls employee without parameter.csproj", "{EF0BFB27-AEBC-4216-A40E-B55B2DEB69DE}"
EndProject
Global
	GlobalSection(SolutionConfigurationPlatforms) = preSolution
		Debug|Any CPU = Debug|Any CPU
		Release|Any CPU = Release|Any CPU
	EndGlobalSection
	GlobalSection(ProjectConfigurationPlatforms) = postSolution
		{EF0BFB27-AEBC-4216-A40E-B55B2DEB69DE}.Debug|Any CPU.ActiveCfg = Debug|Any CPU
		{EF0BFB27-AEBC-4216-A40E-B55B2DEB69DE}.Debug|Any CPU.Build.0 = Debug|Any CPU
		{EF0BFB27-AEBC-4216-A40E-B55B2DEB69DE}.Release|Any CPU.ActiveCfg = Release|Any CPU
		{EF0BFB27-AEBC-4216-A40E-B55B2DEB69DE}.Release|Any CPU.Build.0 = Release|Any CPU
	EndGlobalSection
	GlobalSection(SolutionProperties) = preSolution
		HideSolutionNode = FALSE
	EndGlobalSection
	GlobalSection(ExtensibilityGlobals) = postSolution
		SolutionGuid = {B64A074C-FF5E-462D-9491-DF891A334F84}
	EndGlobalSection
EndGlobal
