
Microsoft Visual Studio Solution File, Format Version 12.00
# Visual Studio Version 17
VisualStudioVersion = 17.5.33502.453
MinimumVisualStudioVersion = 10.0.40219.1
Project("{FAE04EC0-301F-11D3-BF4B-00C04F79EFBC}") = "Forms for pyramid", "Forms for pyramid\Forms for pyramid.csproj", "{8FD0487B-D616-4DEA-8704-8B043CED7A44}"
EndProject
Global
	GlobalSection(SolutionConfigurationPlatforms) = preSolution
		Debug|Any CPU = Debug|Any CPU
		Release|Any CPU = Release|Any CPU
	EndGlobalSection
	GlobalSection(ProjectConfigurationPlatforms) = postSolution
		{8FD0487B-D616-4DEA-8704-8B043CED7A44}.Debug|Any CPU.ActiveCfg = Debug|Any CPU
		{8FD0487B-D616-4DEA-8704-8B043CED7A44}.Debug|Any CPU.Build.0 = Debug|Any CPU
		{8FD0487B-D616-4DEA-8704-8B043CED7A44}.Release|Any CPU.ActiveCfg = Release|Any CPU
		{8FD0487B-D616-4DEA-8704-8B043CED7A44}.Release|Any CPU.Build.0 = Release|Any CPU
	EndGlobalSection
	GlobalSection(SolutionProperties) = preSolution
		HideSolutionNode = FALSE
	EndGlobalSection
	GlobalSection(ExtensibilityGlobals) = postSolution
		SolutionGuid = {24BF239B-B1DC-4525-8961-E12F466511C9}
	EndGlobalSection
EndGlobal
