
Microsoft Visual Studio Solution File, Format Version 12.00
# Visual Studio Version 17
VisualStudioVersion = 17.5.33502.453
MinimumVisualStudioVersion = 10.0.40219.1
Project("{FAE04EC0-301F-11D3-BF4B-00C04F79EFBC}") = "oops class order", "oops class order\oops class order.csproj", "{9385FB89-4618-4FCC-9998-A0902D595942}"
EndProject
Global
	GlobalSection(SolutionConfigurationPlatforms) = preSolution
		Debug|Any CPU = Debug|Any CPU
		Release|Any CPU = Release|Any CPU
	EndGlobalSection
	GlobalSection(ProjectConfigurationPlatforms) = postSolution
		{9385FB89-4618-4FCC-9998-A0902D595942}.Debug|Any CPU.ActiveCfg = Debug|Any CPU
		{9385FB89-4618-4FCC-9998-A0902D595942}.Debug|Any CPU.Build.0 = Debug|Any CPU
		{9385FB89-4618-4FCC-9998-A0902D595942}.Release|Any CPU.ActiveCfg = Release|Any CPU
		{9385FB89-4618-4FCC-9998-A0902D595942}.Release|Any CPU.Build.0 = Release|Any CPU
	EndGlobalSection
	GlobalSection(SolutionProperties) = preSolution
		HideSolutionNode = FALSE
	EndGlobalSection
	GlobalSection(ExtensibilityGlobals) = postSolution
		SolutionGuid = {288C841B-7FEE-4EAD-972D-5EFD7DA7791A}
	EndGlobalSection
EndGlobal
