
Microsoft Visual Studio Solution File, Format Version 12.00
# Visual Studio Version 17
VisualStudioVersion = 17.5.33502.453
MinimumVisualStudioVersion = 10.0.40219.1
Project("{FAE04EC0-301F-11D3-BF4B-00C04F79EFBC}") = "efex1", "efex1\efex1.csproj", "{773510DB-F6E5-4186-B428-D9B33711CCF3}"
EndProject
Global
	GlobalSection(SolutionConfigurationPlatforms) = preSolution
		Debug|Any CPU = Debug|Any CPU
		Release|Any CPU = Release|Any CPU
	EndGlobalSection
	GlobalSection(ProjectConfigurationPlatforms) = postSolution
		{773510DB-F6E5-4186-B428-D9B33711CCF3}.Debug|Any CPU.ActiveCfg = Debug|Any CPU
		{773510DB-F6E5-4186-B428-D9B33711CCF3}.Debug|Any CPU.Build.0 = Debug|Any CPU
		{773510DB-F6E5-4186-B428-D9B33711CCF3}.Release|Any CPU.ActiveCfg = Release|Any CPU
		{773510DB-F6E5-4186-B428-D9B33711CCF3}.Release|Any CPU.Build.0 = Release|Any CPU
	EndGlobalSection
	GlobalSection(SolutionProperties) = preSolution
		HideSolutionNode = FALSE
	EndGlobalSection
	GlobalSection(ExtensibilityGlobals) = postSolution
		SolutionGuid = {0507B6BB-53E4-4AEA-B095-1BC40E55E2D0}
	EndGlobalSection
EndGlobal
