
Microsoft Visual Studio Solution File, Format Version 12.00
# Visual Studio Version 17
VisualStudioVersion = 17.5.33502.453
MinimumVisualStudioVersion = 10.0.40219.1
Project("{FAE04EC0-301F-11D3-BF4B-00C04F79EFBC}") = "searched element in array", "searched element in array\searched element in array.csproj", "{AD8B151B-1F81-4D6A-ABB6-20C64B346A30}"
EndProject
Global
	GlobalSection(SolutionConfigurationPlatforms) = preSolution
		Debug|Any CPU = Debug|Any CPU
		Release|Any CPU = Release|Any CPU
	EndGlobalSection
	GlobalSection(ProjectConfigurationPlatforms) = postSolution
		{AD8B151B-1F81-4D6A-ABB6-20C64B346A30}.Debug|Any CPU.ActiveCfg = Debug|Any CPU
		{AD8B151B-1F81-4D6A-ABB6-20C64B346A30}.Debug|Any CPU.Build.0 = Debug|Any CPU
		{AD8B151B-1F81-4D6A-ABB6-20C64B346A30}.Release|Any CPU.ActiveCfg = Release|Any CPU
		{AD8B151B-1F81-4D6A-ABB6-20C64B346A30}.Release|Any CPU.Build.0 = Release|Any CPU
	EndGlobalSection
	GlobalSection(SolutionProperties) = preSolution
		HideSolutionNode = FALSE
	EndGlobalSection
	GlobalSection(ExtensibilityGlobals) = postSolution
		SolutionGuid = {222A8EF6-0AAB-4536-A64A-DB534E4B7DA4}
	EndGlobalSection
EndGlobal
