
Microsoft Visual Studio Solution File, Format Version 12.00
# Visual Studio Version 17
VisualStudioVersion = 17.5.33502.453
MinimumVisualStudioVersion = 10.0.40219.1
Project("{FAE04EC0-301F-11D3-BF4B-00C04F79EFBC}") = "class customer", "class customer\class customer.csproj", "{AD722031-AD8B-40BF-8362-3905720043DD}"
EndProject
Global
	GlobalSection(SolutionConfigurationPlatforms) = preSolution
		Debug|Any CPU = Debug|Any CPU
		Release|Any CPU = Release|Any CPU
	EndGlobalSection
	GlobalSection(ProjectConfigurationPlatforms) = postSolution
		{AD722031-AD8B-40BF-8362-3905720043DD}.Debug|Any CPU.ActiveCfg = Debug|Any CPU
		{AD722031-AD8B-40BF-8362-3905720043DD}.Debug|Any CPU.Build.0 = Debug|Any CPU
		{AD722031-AD8B-40BF-8362-3905720043DD}.Release|Any CPU.ActiveCfg = Release|Any CPU
		{AD722031-AD8B-40BF-8362-3905720043DD}.Release|Any CPU.Build.0 = Release|Any CPU
	EndGlobalSection
	GlobalSection(SolutionProperties) = preSolution
		HideSolutionNode = FALSE
	EndGlobalSection
	GlobalSection(ExtensibilityGlobals) = postSolution
		SolutionGuid = {B2AAF399-8358-40CD-83CD-AA91783EA0EA}
	EndGlobalSection
EndGlobal
