
Microsoft Visual Studio Solution File, Format Version 12.00
# Visual Studio Version 17
VisualStudioVersion = 17.5.33502.453
MinimumVisualStudioVersion = 10.0.40219.1
Project("{FAE04EC0-301F-11D3-BF4B-00C04F79EFBC}") = "rough", "rough\rough.csproj", "{FF187DA3-A536-46B4-A773-EEA1ED02EB87}"
EndProject
Global
	GlobalSection(SolutionConfigurationPlatforms) = preSolution
		Debug|Any CPU = Debug|Any CPU
		Release|Any CPU = Release|Any CPU
	EndGlobalSection
	GlobalSection(ProjectConfigurationPlatforms) = postSolution
		{FF187DA3-A536-46B4-A773-EEA1ED02EB87}.Debug|Any CPU.ActiveCfg = Debug|Any CPU
		{FF187DA3-A536-46B4-A773-EEA1ED02EB87}.Debug|Any CPU.Build.0 = Debug|Any CPU
		{FF187DA3-A536-46B4-A773-EEA1ED02EB87}.Release|Any CPU.ActiveCfg = Release|Any CPU
		{FF187DA3-A536-46B4-A773-EEA1ED02EB87}.Release|Any CPU.Build.0 = Release|Any CPU
	EndGlobalSection
	GlobalSection(SolutionProperties) = preSolution
		HideSolutionNode = FALSE
	EndGlobalSection
	GlobalSection(ExtensibilityGlobals) = postSolution
		SolutionGuid = {7A3C2B28-6B6F-447C-B828-CA7408FB3AEF}
	EndGlobalSection
EndGlobal
