
Microsoft Visual Studio Solution File, Format Version 12.00
# Visual Studio Version 17
VisualStudioVersion = 17.5.33502.453
MinimumVisualStudioVersion = 10.0.40219.1
Project("{FAE04EC0-301F-11D3-BF4B-00C04F79EFBC}") = "41 program", "41 program\41 program.csproj", "{059F60C8-9C1A-42F3-943D-3546F73D4BD0}"
EndProject
Global
	GlobalSection(SolutionConfigurationPlatforms) = preSolution
		Debug|Any CPU = Debug|Any CPU
		Release|Any CPU = Release|Any CPU
	EndGlobalSection
	GlobalSection(ProjectConfigurationPlatforms) = postSolution
		{059F60C8-9C1A-42F3-943D-3546F73D4BD0}.Debug|Any CPU.ActiveCfg = Debug|Any CPU
		{059F60C8-9C1A-42F3-943D-3546F73D4BD0}.Debug|Any CPU.Build.0 = Debug|Any CPU
		{059F60C8-9C1A-42F3-943D-3546F73D4BD0}.Release|Any CPU.ActiveCfg = Release|Any CPU
		{059F60C8-9C1A-42F3-943D-3546F73D4BD0}.Release|Any CPU.Build.0 = Release|Any CPU
	EndGlobalSection
	GlobalSection(SolutionProperties) = preSolution
		HideSolutionNode = FALSE
	EndGlobalSection
	GlobalSection(ExtensibilityGlobals) = postSolution
		SolutionGuid = {4BDC790E-26B4-47BF-B095-2C39840496DB}
	EndGlobalSection
EndGlobal
