
Microsoft Visual Studio Solution File, Format Version 12.00
# Visual Studio Version 17
VisualStudioVersion = 17.5.33502.453
MinimumVisualStudioVersion = 10.0.40219.1
Project("{FAE04EC0-301F-11D3-BF4B-00C04F79EFBC}") = "8  accept radius print area", "8  accept radius print area\8  accept radius print area.csproj", "{8D3A1DF8-B7AE-4C72-9478-5C6652346289}"
EndProject
Global
	GlobalSection(SolutionConfigurationPlatforms) = preSolution
		Debug|Any CPU = Debug|Any CPU
		Release|Any CPU = Release|Any CPU
	EndGlobalSection
	GlobalSection(ProjectConfigurationPlatforms) = postSolution
		{8D3A1DF8-B7AE-4C72-9478-5C6652346289}.Debug|Any CPU.ActiveCfg = Debug|Any CPU
		{8D3A1DF8-B7AE-4C72-9478-5C6652346289}.Debug|Any CPU.Build.0 = Debug|Any CPU
		{8D3A1DF8-B7AE-4C72-9478-5C6652346289}.Release|Any CPU.ActiveCfg = Release|Any CPU
		{8D3A1DF8-B7AE-4C72-9478-5C6652346289}.Release|Any CPU.Build.0 = Release|Any CPU
	EndGlobalSection
	GlobalSection(SolutionProperties) = preSolution
		HideSolutionNode = FALSE
	EndGlobalSection
	GlobalSection(ExtensibilityGlobals) = postSolution
		SolutionGuid = {925CD327-D02F-47E8-B50C-E5791F77AE53}
	EndGlobalSection
EndGlobal
