
Microsoft Visual Studio Solution File, Format Version 12.00
# Visual Studio Version 17
VisualStudioVersion = 17.5.33502.453
MinimumVisualStudioVersion = 10.0.40219.1
Project("{FAE04EC0-301F-11D3-BF4B-00C04F79EFBC}") = "Type conversion Explicit", "Type conversion Explicit\Type conversion Explicit.csproj", "{F9AED140-F632-45CA-BB72-D76AC527616E}"
EndProject
Global
	GlobalSection(SolutionConfigurationPlatforms) = preSolution
		Debug|Any CPU = Debug|Any CPU
		Release|Any CPU = Release|Any CPU
	EndGlobalSection
	GlobalSection(ProjectConfigurationPlatforms) = postSolution
		{F9AED140-F632-45CA-BB72-D76AC527616E}.Debug|Any CPU.ActiveCfg = Debug|Any CPU
		{F9AED140-F632-45CA-BB72-D76AC527616E}.Debug|Any CPU.Build.0 = Debug|Any CPU
		{F9AED140-F632-45CA-BB72-D76AC527616E}.Release|Any CPU.ActiveCfg = Release|Any CPU
		{F9AED140-F632-45CA-BB72-D76AC527616E}.Release|Any CPU.Build.0 = Release|Any CPU
	EndGlobalSection
	GlobalSection(SolutionProperties) = preSolution
		HideSolutionNode = FALSE
	EndGlobalSection
	GlobalSection(ExtensibilityGlobals) = postSolution
		SolutionGuid = {A93C3F1A-D3C3-4128-AC8E-C1050BF7FB24}
	EndGlobalSection
EndGlobal
