
Microsoft Visual Studio Solution File, Format Version 12.00
# Visual Studio Version 17
VisualStudioVersion = 17.5.33502.453
MinimumVisualStudioVersion = 10.0.40219.1
Project("{FAE04EC0-301F-11D3-BF4B-00C04F79EFBC}") = "13 program", "13 program\13 program.csproj", "{29762693-2954-48F6-A0DA-CCBA1598B132}"
EndProject
Global
	GlobalSection(SolutionConfigurationPlatforms) = preSolution
		Debug|Any CPU = Debug|Any CPU
		Release|Any CPU = Release|Any CPU
	EndGlobalSection
	GlobalSection(ProjectConfigurationPlatforms) = postSolution
		{29762693-2954-48F6-A0DA-CCBA1598B132}.Debug|Any CPU.ActiveCfg = Debug|Any CPU
		{29762693-2954-48F6-A0DA-CCBA1598B132}.Debug|Any CPU.Build.0 = Debug|Any CPU
		{29762693-2954-48F6-A0DA-CCBA1598B132}.Release|Any CPU.ActiveCfg = Release|Any CPU
		{29762693-2954-48F6-A0DA-CCBA1598B132}.Release|Any CPU.Build.0 = Release|Any CPU
	EndGlobalSection
	GlobalSection(SolutionProperties) = preSolution
		HideSolutionNode = FALSE
	EndGlobalSection
	GlobalSection(ExtensibilityGlobals) = postSolution
		SolutionGuid = {C5754810-BDFF-43FE-9119-D2A5F9FD85AC}
	EndGlobalSection
EndGlobal
