
Microsoft Visual Studio Solution File, Format Version 12.00
# Visual Studio Version 17
VisualStudioVersion = 17.5.33502.453
MinimumVisualStudioVersion = 10.0.40219.1
Project("{FAE04EC0-301F-11D3-BF4B-00C04F79EFBC}") = "21 program", "21 program\21 program.csproj", "{D56E05A0-A4F1-476C-86C7-E13092C1B11F}"
EndProject
Global
	GlobalSection(SolutionConfigurationPlatforms) = preSolution
		Debug|Any CPU = Debug|Any CPU
		Release|Any CPU = Release|Any CPU
	EndGlobalSection
	GlobalSection(ProjectConfigurationPlatforms) = postSolution
		{D56E05A0-A4F1-476C-86C7-E13092C1B11F}.Debug|Any CPU.ActiveCfg = Debug|Any CPU
		{D56E05A0-A4F1-476C-86C7-E13092C1B11F}.Debug|Any CPU.Build.0 = Debug|Any CPU
		{D56E05A0-A4F1-476C-86C7-E13092C1B11F}.Release|Any CPU.ActiveCfg = Release|Any CPU
		{D56E05A0-A4F1-476C-86C7-E13092C1B11F}.Release|Any CPU.Build.0 = Release|Any CPU
	EndGlobalSection
	GlobalSection(SolutionProperties) = preSolution
		HideSolutionNode = FALSE
	EndGlobalSection
	GlobalSection(ExtensibilityGlobals) = postSolution
		SolutionGuid = {458AC1A9-8073-4D34-ABC0-D37327F23019}
	EndGlobalSection
EndGlobal
