
Microsoft Visual Studio Solution File, Format Version 12.00
# Visual Studio Version 17
VisualStudioVersion = 17.5.33502.453
MinimumVisualStudioVersion = 10.0.40219.1
Project("{FAE04EC0-301F-11D3-BF4B-00C04F79EFBC}") = "oops. class product", "oops. class product\oops. class product.csproj", "{2306EB5F-1CF0-4188-8882-36B775D0E656}"
EndProject
Global
	GlobalSection(SolutionConfigurationPlatforms) = preSolution
		Debug|Any CPU = Debug|Any CPU
		Release|Any CPU = Release|Any CPU
	EndGlobalSection
	GlobalSection(ProjectConfigurationPlatforms) = postSolution
		{2306EB5F-1CF0-4188-8882-36B775D0E656}.Debug|Any CPU.ActiveCfg = Debug|Any CPU
		{2306EB5F-1CF0-4188-8882-36B775D0E656}.Debug|Any CPU.Build.0 = Debug|Any CPU
		{2306EB5F-1CF0-4188-8882-36B775D0E656}.Release|Any CPU.ActiveCfg = Release|Any CPU
		{2306EB5F-1CF0-4188-8882-36B775D0E656}.Release|Any CPU.Build.0 = Release|Any CPU
	EndGlobalSection
	GlobalSection(SolutionProperties) = preSolution
		HideSolutionNode = FALSE
	EndGlobalSection
	GlobalSection(ExtensibilityGlobals) = postSolution
		SolutionGuid = {2695442F-A14F-4EDF-B991-4C7E21581EBF}
	EndGlobalSection
EndGlobal
