
Microsoft Visual Studio Solution File, Format Version 12.00
# Visual Studio Version 17
VisualStudioVersion = 17.5.33502.453
MinimumVisualStudioVersion = 10.0.40219.1
Project("{FAE04EC0-301F-11D3-BF4B-00C04F79EFBC}") = "15 program", "15 program\15 program.csproj", "{42061F7D-886C-466F-9F3A-055E15150EEE}"
EndProject
Global
	GlobalSection(SolutionConfigurationPlatforms) = preSolution
		Debug|Any CPU = Debug|Any CPU
		Release|Any CPU = Release|Any CPU
	EndGlobalSection
	GlobalSection(ProjectConfigurationPlatforms) = postSolution
		{42061F7D-886C-466F-9F3A-055E15150EEE}.Debug|Any CPU.ActiveCfg = Debug|Any CPU
		{42061F7D-886C-466F-9F3A-055E15150EEE}.Debug|Any CPU.Build.0 = Debug|Any CPU
		{42061F7D-886C-466F-9F3A-055E15150EEE}.Release|Any CPU.ActiveCfg = Release|Any CPU
		{42061F7D-886C-466F-9F3A-055E15150EEE}.Release|Any CPU.Build.0 = Release|Any CPU
	EndGlobalSection
	GlobalSection(SolutionProperties) = preSolution
		HideSolutionNode = FALSE
	EndGlobalSection
	GlobalSection(ExtensibilityGlobals) = postSolution
		SolutionGuid = {5B61ECA3-2584-4EA3-A55D-82C04CA93902}
	EndGlobalSection
EndGlobal
