
Microsoft Visual Studio Solution File, Format Version 12.00
# Visual Studio Version 17
VisualStudioVersion = 17.5.33502.453
MinimumVisualStudioVersion = 10.0.40219.1
Project("{FAE04EC0-301F-11D3-BF4B-00C04F79EFBC}") = "with class calculator", "with class calculator\with class calculator.csproj", "{D9A56366-93C8-44AE-8749-D2EDCF81548F}"
EndProject
Global
	GlobalSection(SolutionConfigurationPlatforms) = preSolution
		Debug|Any CPU = Debug|Any CPU
		Release|Any CPU = Release|Any CPU
	EndGlobalSection
	GlobalSection(ProjectConfigurationPlatforms) = postSolution
		{D9A56366-93C8-44AE-8749-D2EDCF81548F}.Debug|Any CPU.ActiveCfg = Debug|Any CPU
		{D9A56366-93C8-44AE-8749-D2EDCF81548F}.Debug|Any CPU.Build.0 = Debug|Any CPU
		{D9A56366-93C8-44AE-8749-D2EDCF81548F}.Release|Any CPU.ActiveCfg = Release|Any CPU
		{D9A56366-93C8-44AE-8749-D2EDCF81548F}.Release|Any CPU.Build.0 = Release|Any CPU
	EndGlobalSection
	GlobalSection(SolutionProperties) = preSolution
		HideSolutionNode = FALSE
	EndGlobalSection
	GlobalSection(ExtensibilityGlobals) = postSolution
		SolutionGuid = {074BF369-674C-4E60-811F-083012A131B3}
	EndGlobalSection
EndGlobal
