
Microsoft Visual Studio Solution File, Format Version 12.00
# Visual Studio Version 17
VisualStudioVersion = 17.5.33502.453
MinimumVisualStudioVersion = 10.0.40219.1
Project("{FAE04EC0-301F-11D3-BF4B-00C04F79EFBC}") = "Enum", "Enum\Enum.csproj", "{1BBD633C-440A-4760-9D09-3C446AF1140A}"
EndProject
Global
	GlobalSection(SolutionConfigurationPlatforms) = preSolution
		Debug|Any CPU = Debug|Any CPU
		Release|Any CPU = Release|Any CPU
	EndGlobalSection
	GlobalSection(ProjectConfigurationPlatforms) = postSolution
		{1BBD633C-440A-4760-9D09-3C446AF1140A}.Debug|Any CPU.ActiveCfg = Debug|Any CPU
		{1BBD633C-440A-4760-9D09-3C446AF1140A}.Debug|Any CPU.Build.0 = Debug|Any CPU
		{1BBD633C-440A-4760-9D09-3C446AF1140A}.Release|Any CPU.ActiveCfg = Release|Any CPU
		{1BBD633C-440A-4760-9D09-3C446AF1140A}.Release|Any CPU.Build.0 = Release|Any CPU
	EndGlobalSection
	GlobalSection(SolutionProperties) = preSolution
		HideSolutionNode = FALSE
	EndGlobalSection
	GlobalSection(ExtensibilityGlobals) = postSolution
		SolutionGuid = {270D84AA-9838-4111-9B24-9345843F0286}
	EndGlobalSection
EndGlobal
