
Microsoft Visual Studio Solution File, Format Version 12.00
# Visual Studio Version 17
VisualStudioVersion = 17.5.33502.453
MinimumVisualStudioVersion = 10.0.40219.1
Project("{FAE04EC0-301F-11D3-BF4B-00C04F79EFBC}") = "HealthCare", "HealthCare\HealthCare.csproj", "{8EE18291-7859-43E5-AF90-243E4CE4910F}"
EndProject
Global
	GlobalSection(SolutionConfigurationPlatforms) = preSolution
		Debug|Any CPU = Debug|Any CPU
		Release|Any CPU = Release|Any CPU
	EndGlobalSection
	GlobalSection(ProjectConfigurationPlatforms) = postSolution
		{8EE18291-7859-43E5-AF90-243E4CE4910F}.Debug|Any CPU.ActiveCfg = Debug|Any CPU
		{8EE18291-7859-43E5-AF90-243E4CE4910F}.Debug|Any CPU.Build.0 = Debug|Any CPU
		{8EE18291-7859-43E5-AF90-243E4CE4910F}.Release|Any CPU.ActiveCfg = Release|Any CPU
		{8EE18291-7859-43E5-AF90-243E4CE4910F}.Release|Any CPU.Build.0 = Release|Any CPU
	EndGlobalSection
	GlobalSection(SolutionProperties) = preSolution
		HideSolutionNode = FALSE
	EndGlobalSection
	GlobalSection(ExtensibilityGlobals) = postSolution
		SolutionGuid = {AA5B31BF-4D66-4A60-8A69-A80C6B2F8342}
	EndGlobalSection
EndGlobal
