
Microsoft Visual Studio Solution File, Format Version 12.00
# Visual Studio Version 17
VisualStudioVersion = 17.5.33502.453
MinimumVisualStudioVersion = 10.0.40219.1
Project("{FAE04EC0-301F-11D3-BF4B-00C04F79EFBC}") = "hierarchical inheritance3", "hierarchical inheritance3\hierarchical inheritance3.csproj", "{98D873F6-6B69-468E-9864-86469B5AC66C}"
EndProject
Global
	GlobalSection(SolutionConfigurationPlatforms) = preSolution
		Debug|Any CPU = Debug|Any CPU
		Release|Any CPU = Release|Any CPU
	EndGlobalSection
	GlobalSection(ProjectConfigurationPlatforms) = postSolution
		{98D873F6-6B69-468E-9864-86469B5AC66C}.Debug|Any CPU.ActiveCfg = Debug|Any CPU
		{98D873F6-6B69-468E-9864-86469B5AC66C}.Debug|Any CPU.Build.0 = Debug|Any CPU
		{98D873F6-6B69-468E-9864-86469B5AC66C}.Release|Any CPU.ActiveCfg = Release|Any CPU
		{98D873F6-6B69-468E-9864-86469B5AC66C}.Release|Any CPU.Build.0 = Release|Any CPU
	EndGlobalSection
	GlobalSection(SolutionProperties) = preSolution
		HideSolutionNode = FALSE
	EndGlobalSection
	GlobalSection(ExtensibilityGlobals) = postSolution
		SolutionGuid = {F5D46614-C5A3-4CFD-9CF9-C6D679D236C2}
	EndGlobalSection
EndGlobal
