
Microsoft Visual Studio Solution File, Format Version 12.00
# Visual Studio Version 17
VisualStudioVersion = 17.5.33502.453
MinimumVisualStudioVersion = 10.0.40219.1
Project("{FAE04EC0-301F-11D3-BF4B-00C04F79EFBC}") = "with parameter square", "with parameter square\with parameter square.csproj", "{60341FE3-B534-4E78-8C21-759A6592B747}"
EndProject
Global
	GlobalSection(SolutionConfigurationPlatforms) = preSolution
		Debug|Any CPU = Debug|Any CPU
		Release|Any CPU = Release|Any CPU
	EndGlobalSection
	GlobalSection(ProjectConfigurationPlatforms) = postSolution
		{60341FE3-B534-4E78-8C21-759A6592B747}.Debug|Any CPU.ActiveCfg = Debug|Any CPU
		{60341FE3-B534-4E78-8C21-759A6592B747}.Debug|Any CPU.Build.0 = Debug|Any CPU
		{60341FE3-B534-4E78-8C21-759A6592B747}.Release|Any CPU.ActiveCfg = Release|Any CPU
		{60341FE3-B534-4E78-8C21-759A6592B747}.Release|Any CPU.Build.0 = Release|Any CPU
	EndGlobalSection
	GlobalSection(SolutionProperties) = preSolution
		HideSolutionNode = FALSE
	EndGlobalSection
	GlobalSection(ExtensibilityGlobals) = postSolution
		SolutionGuid = {F4FBE8D2-2072-4B07-97A4-38B2A9E36D30}
	EndGlobalSection
EndGlobal
