
Microsoft Visual Studio Solution File, Format Version 12.00
# Visual Studio Version 17
VisualStudioVersion = 17.5.33502.453
MinimumVisualStudioVersion = 10.0.40219.1
Project("{FAE04EC0-301F-11D3-BF4B-00C04F79EFBC}") = "method factorial", "method factorial\method factorial.csproj", "{56B869EC-3BFE-4697-BAAE-55F7695D7FCD}"
EndProject
Global
	GlobalSection(SolutionConfigurationPlatforms) = preSolution
		Debug|Any CPU = Debug|Any CPU
		Release|Any CPU = Release|Any CPU
	EndGlobalSection
	GlobalSection(ProjectConfigurationPlatforms) = postSolution
		{56B869EC-3BFE-4697-BAAE-55F7695D7FCD}.Debug|Any CPU.ActiveCfg = Debug|Any CPU
		{56B869EC-3BFE-4697-BAAE-55F7695D7FCD}.Debug|Any CPU.Build.0 = Debug|Any CPU
		{56B869EC-3BFE-4697-BAAE-55F7695D7FCD}.Release|Any CPU.ActiveCfg = Release|Any CPU
		{56B869EC-3BFE-4697-BAAE-55F7695D7FCD}.Release|Any CPU.Build.0 = Release|Any CPU
	EndGlobalSection
	GlobalSection(SolutionProperties) = preSolution
		HideSolutionNode = FALSE
	EndGlobalSection
	GlobalSection(ExtensibilityGlobals) = postSolution
		SolutionGuid = {C6858C0C-9854-4326-8308-0619D03F3403}
	EndGlobalSection
EndGlobal
