
Microsoft Visual Studio Solution File, Format Version 12.00
# Visual Studio Version 17
VisualStudioVersion = 17.5.33502.453
MinimumVisualStudioVersion = 10.0.40219.1
Project("{FAE04EC0-301F-11D3-BF4B-00C04F79EFBC}") = "4 accept n print sum", "4 accept n print sum\4 accept n print sum.csproj", "{1CD09FA0-0A43-40CB-B3D9-5B444CB81C94}"
EndProject
Global
	GlobalSection(SolutionConfigurationPlatforms) = preSolution
		Debug|Any CPU = Debug|Any CPU
		Release|Any CPU = Release|Any CPU
	EndGlobalSection
	GlobalSection(ProjectConfigurationPlatforms) = postSolution
		{1CD09FA0-0A43-40CB-B3D9-5B444CB81C94}.Debug|Any CPU.ActiveCfg = Debug|Any CPU
		{1CD09FA0-0A43-40CB-B3D9-5B444CB81C94}.Debug|Any CPU.Build.0 = Debug|Any CPU
		{1CD09FA0-0A43-40CB-B3D9-5B444CB81C94}.Release|Any CPU.ActiveCfg = Release|Any CPU
		{1CD09FA0-0A43-40CB-B3D9-5B444CB81C94}.Release|Any CPU.Build.0 = Release|Any CPU
	EndGlobalSection
	GlobalSection(SolutionProperties) = preSolution
		HideSolutionNode = FALSE
	EndGlobalSection
	GlobalSection(ExtensibilityGlobals) = postSolution
		SolutionGuid = {A67964CB-D965-454B-B687-044C4518C303}
	EndGlobalSection
EndGlobal
