
Microsoft Visual Studio Solution File, Format Version 12.00
# Visual Studio Version 17
VisualStudioVersion = 17.5.33502.453
MinimumVisualStudioVersion = 10.0.40219.1
Project("{FAE04EC0-301F-11D3-BF4B-00C04F79EFBC}") = "class product", "class product\class product.csproj", "{B2064A9E-3761-4909-8CC8-635F1FC2E185}"
EndProject
Global
	GlobalSection(SolutionConfigurationPlatforms) = preSolution
		Debug|Any CPU = Debug|Any CPU
		Release|Any CPU = Release|Any CPU
	EndGlobalSection
	GlobalSection(ProjectConfigurationPlatforms) = postSolution
		{B2064A9E-3761-4909-8CC8-635F1FC2E185}.Debug|Any CPU.ActiveCfg = Debug|Any CPU
		{B2064A9E-3761-4909-8CC8-635F1FC2E185}.Debug|Any CPU.Build.0 = Debug|Any CPU
		{B2064A9E-3761-4909-8CC8-635F1FC2E185}.Release|Any CPU.ActiveCfg = Release|Any CPU
		{B2064A9E-3761-4909-8CC8-635F1FC2E185}.Release|Any CPU.Build.0 = Release|Any CPU
	EndGlobalSection
	GlobalSection(SolutionProperties) = preSolution
		HideSolutionNode = FALSE
	EndGlobalSection
	GlobalSection(ExtensibilityGlobals) = postSolution
		SolutionGuid = {F9CDEE2A-6505-4CF4-B802-73AF4C740754}
	EndGlobalSection
EndGlobal
