
Microsoft Visual Studio Solution File, Format Version 12.00
# Visual Studio Version 17
VisualStudioVersion = 17.5.33502.453
MinimumVisualStudioVersion = 10.0.40219.1
Project("{FAE04EC0-301F-11D3-BF4B-00C04F79EFBC}") = "56 program", "56 program\56 program.csproj", "{F17DA753-9816-4EA1-9E71-A26AA07E0C58}"
EndProject
Global
	GlobalSection(SolutionConfigurationPlatforms) = preSolution
		Debug|Any CPU = Debug|Any CPU
		Release|Any CPU = Release|Any CPU
	EndGlobalSection
	GlobalSection(ProjectConfigurationPlatforms) = postSolution
		{F17DA753-9816-4EA1-9E71-A26AA07E0C58}.Debug|Any CPU.ActiveCfg = Debug|Any CPU
		{F17DA753-9816-4EA1-9E71-A26AA07E0C58}.Debug|Any CPU.Build.0 = Debug|Any CPU
		{F17DA753-9816-4EA1-9E71-A26AA07E0C58}.Release|Any CPU.ActiveCfg = Release|Any CPU
		{F17DA753-9816-4EA1-9E71-A26AA07E0C58}.Release|Any CPU.Build.0 = Release|Any CPU
	EndGlobalSection
	GlobalSection(SolutionProperties) = preSolution
		HideSolutionNode = FALSE
	EndGlobalSection
	GlobalSection(ExtensibilityGlobals) = postSolution
		SolutionGuid = {7912ECA6-024A-4E42-AA92-60524C9AF276}
	EndGlobalSection
EndGlobal
