
Microsoft Visual Studio Solution File, Format Version 12.00
# Visual Studio Version 17
VisualStudioVersion = 17.5.33502.453
MinimumVisualStudioVersion = 10.0.40219.1
Project("{FAE04EC0-301F-11D3-BF4B-00C04F79EFBC}") = "pass by value", "pass by value\pass by value.csproj", "{870B3791-5416-4199-8650-86B68135A3CA}"
EndProject
Global
	GlobalSection(SolutionConfigurationPlatforms) = preSolution
		Debug|Any CPU = Debug|Any CPU
		Release|Any CPU = Release|Any CPU
	EndGlobalSection
	GlobalSection(ProjectConfigurationPlatforms) = postSolution
		{870B3791-5416-4199-8650-86B68135A3CA}.Debug|Any CPU.ActiveCfg = Debug|Any CPU
		{870B3791-5416-4199-8650-86B68135A3CA}.Debug|Any CPU.Build.0 = Debug|Any CPU
		{870B3791-5416-4199-8650-86B68135A3CA}.Release|Any CPU.ActiveCfg = Release|Any CPU
		{870B3791-5416-4199-8650-86B68135A3CA}.Release|Any CPU.Build.0 = Release|Any CPU
	EndGlobalSection
	GlobalSection(SolutionProperties) = preSolution
		HideSolutionNode = FALSE
	EndGlobalSection
	GlobalSection(ExtensibilityGlobals) = postSolution
		SolutionGuid = {1F2B6FFC-B6A7-4724-A2E6-A4DC6FE47D1F}
	EndGlobalSection
EndGlobal
