
Microsoft Visual Studio Solution File, Format Version 12.00
# Visual Studio Version 17
VisualStudioVersion = 17.5.33502.453
MinimumVisualStudioVersion = 10.0.40219.1
Project("{FAE04EC0-301F-11D3-BF4B-00C04F79EFBC}") = "mvc3", "mvc3\mvc3.csproj", "{B98E51ED-AA89-4BFF-BE3B-BDBDC06A0A4F}"
EndProject
Global
	GlobalSection(SolutionConfigurationPlatforms) = preSolution
		Debug|Any CPU = Debug|Any CPU
		Release|Any CPU = Release|Any CPU
	EndGlobalSection
	GlobalSection(ProjectConfigurationPlatforms) = postSolution
		{B98E51ED-AA89-4BFF-BE3B-BDBDC06A0A4F}.Debug|Any CPU.ActiveCfg = Debug|Any CPU
		{B98E51ED-AA89-4BFF-BE3B-BDBDC06A0A4F}.Debug|Any CPU.Build.0 = Debug|Any CPU
		{B98E51ED-AA89-4BFF-BE3B-BDBDC06A0A4F}.Release|Any CPU.ActiveCfg = Release|Any CPU
		{B98E51ED-AA89-4BFF-BE3B-BDBDC06A0A4F}.Release|Any CPU.Build.0 = Release|Any CPU
	EndGlobalSection
	GlobalSection(SolutionProperties) = preSolution
		HideSolutionNode = FALSE
	EndGlobalSection
	GlobalSection(ExtensibilityGlobals) = postSolution
		SolutionGuid = {00EAB33E-0154-45A0-B2B7-01B6ECE29EBF}
	EndGlobalSection
EndGlobal
