
Microsoft Visual Studio Solution File, Format Version 12.00
# Visual Studio Version 17
VisualStudioVersion = 17.5.33502.453
MinimumVisualStudioVersion = 10.0.40219.1
Project("{FAE04EC0-301F-11D3-BF4B-00C04F79EFBC}") = "MVC4", "MVC4\MVC4.csproj", "{8A53CFB9-8CD0-42F1-8793-EFB1E6CD4C4D}"
EndProject
Global
	GlobalSection(SolutionConfigurationPlatforms) = preSolution
		Debug|Any CPU = Debug|Any CPU
		Release|Any CPU = Release|Any CPU
	EndGlobalSection
	GlobalSection(ProjectConfigurationPlatforms) = postSolution
		{8A53CFB9-8CD0-42F1-8793-EFB1E6CD4C4D}.Debug|Any CPU.ActiveCfg = Debug|Any CPU
		{8A53CFB9-8CD0-42F1-8793-EFB1E6CD4C4D}.Debug|Any CPU.Build.0 = Debug|Any CPU
		{8A53CFB9-8CD0-42F1-8793-EFB1E6CD4C4D}.Release|Any CPU.ActiveCfg = Release|Any CPU
		{8A53CFB9-8CD0-42F1-8793-EFB1E6CD4C4D}.Release|Any CPU.Build.0 = Release|Any CPU
	EndGlobalSection
	GlobalSection(SolutionProperties) = preSolution
		HideSolutionNode = FALSE
	EndGlobalSection
	GlobalSection(ExtensibilityGlobals) = postSolution
		SolutionGuid = {65466699-0313-48D9-9B9A-E6163C96F9CB}
	EndGlobalSection
EndGlobal
