
Microsoft Visual Studio Solution File, Format Version 12.00
# Visual Studio Version 17
VisualStudioVersion = 17.5.33502.453
MinimumVisualStudioVersion = 10.0.40219.1
Project("{FAE04EC0-301F-11D3-BF4B-00C04F79EFBC}") = "class account", "class account\class account.csproj", "{BE5069BF-B558-4EA5-814F-2CF2A4F20CBE}"
EndProject
Global
	GlobalSection(SolutionConfigurationPlatforms) = preSolution
		Debug|Any CPU = Debug|Any CPU
		Release|Any CPU = Release|Any CPU
	EndGlobalSection
	GlobalSection(ProjectConfigurationPlatforms) = postSolution
		{BE5069BF-B558-4EA5-814F-2CF2A4F20CBE}.Debug|Any CPU.ActiveCfg = Debug|Any CPU
		{BE5069BF-B558-4EA5-814F-2CF2A4F20CBE}.Debug|Any CPU.Build.0 = Debug|Any CPU
		{BE5069BF-B558-4EA5-814F-2CF2A4F20CBE}.Release|Any CPU.ActiveCfg = Release|Any CPU
		{BE5069BF-B558-4EA5-814F-2CF2A4F20CBE}.Release|Any CPU.Build.0 = Release|Any CPU
	EndGlobalSection
	GlobalSection(SolutionProperties) = preSolution
		HideSolutionNode = FALSE
	EndGlobalSection
	GlobalSection(ExtensibilityGlobals) = postSolution
		SolutionGuid = {457BA856-81F1-417F-9433-1BB8200D845B}
	EndGlobalSection
EndGlobal
