
Microsoft Visual Studio Solution File, Format Version 12.00
# Visual Studio Version 17
VisualStudioVersion = 17.5.33502.453
MinimumVisualStudioVersion = 10.0.40219.1
Project("{FAE04EC0-301F-11D3-BF4B-00C04F79EFBC}") = "12 program", "12 program\12 program.csproj", "{B6198091-3DE0-4187-B1BD-B9BE3767355D}"
EndProject
Global
	GlobalSection(SolutionConfigurationPlatforms) = preSolution
		Debug|Any CPU = Debug|Any CPU
		Release|Any CPU = Release|Any CPU
	EndGlobalSection
	GlobalSection(ProjectConfigurationPlatforms) = postSolution
		{B6198091-3DE0-4187-B1BD-B9BE3767355D}.Debug|Any CPU.ActiveCfg = Debug|Any CPU
		{B6198091-3DE0-4187-B1BD-B9BE3767355D}.Debug|Any CPU.Build.0 = Debug|Any CPU
		{B6198091-3DE0-4187-B1BD-B9BE3767355D}.Release|Any CPU.ActiveCfg = Release|Any CPU
		{B6198091-3DE0-4187-B1BD-B9BE3767355D}.Release|Any CPU.Build.0 = Release|Any CPU
	EndGlobalSection
	GlobalSection(SolutionProperties) = preSolution
		HideSolutionNode = FALSE
	EndGlobalSection
	GlobalSection(ExtensibilityGlobals) = postSolution
		SolutionGuid = {40352CFB-30F6-4C97-A9A8-5CA9F69D2489}
	EndGlobalSection
EndGlobal
