
Microsoft Visual Studio Solution File, Format Version 12.00
# Visual Studio Version 17
VisualStudioVersion = 17.5.33502.453
MinimumVisualStudioVersion = 10.0.40219.1
Project("{FAE04EC0-301F-11D3-BF4B-00C04F79EFBC}") = "table of a number", "table of a number\table of a number.csproj", "{379DEC6A-344F-4935-9568-91C4AE901EA5}"
EndProject
Global
	GlobalSection(SolutionConfigurationPlatforms) = preSolution
		Debug|Any CPU = Debug|Any CPU
		Release|Any CPU = Release|Any CPU
	EndGlobalSection
	GlobalSection(ProjectConfigurationPlatforms) = postSolution
		{379DEC6A-344F-4935-9568-91C4AE901EA5}.Debug|Any CPU.ActiveCfg = Debug|Any CPU
		{379DEC6A-344F-4935-9568-91C4AE901EA5}.Debug|Any CPU.Build.0 = Debug|Any CPU
		{379DEC6A-344F-4935-9568-91C4AE901EA5}.Release|Any CPU.ActiveCfg = Release|Any CPU
		{379DEC6A-344F-4935-9568-91C4AE901EA5}.Release|Any CPU.Build.0 = Release|Any CPU
	EndGlobalSection
	GlobalSection(SolutionProperties) = preSolution
		HideSolutionNode = FALSE
	EndGlobalSection
	GlobalSection(ExtensibilityGlobals) = postSolution
		SolutionGuid = {73CA37EC-9DB6-4E70-84A8-2F82A20AB984}
	EndGlobalSection
EndGlobal
