
Microsoft Visual Studio Solution File, Format Version 12.00
# Visual Studio Version 17
VisualStudioVersion = 17.5.33502.453
MinimumVisualStudioVersion = 10.0.40219.1
Project("{FAE04EC0-301F-11D3-BF4B-00C04F79EFBC}") = "5 program", "5 program\5 program.csproj", "{A441971F-92BA-41CA-9A66-3F830082454F}"
EndProject
Global
	GlobalSection(SolutionConfigurationPlatforms) = preSolution
		Debug|Any CPU = Debug|Any CPU
		Release|Any CPU = Release|Any CPU
	EndGlobalSection
	GlobalSection(ProjectConfigurationPlatforms) = postSolution
		{A441971F-92BA-41CA-9A66-3F830082454F}.Debug|Any CPU.ActiveCfg = Debug|Any CPU
		{A441971F-92BA-41CA-9A66-3F830082454F}.Debug|Any CPU.Build.0 = Debug|Any CPU
		{A441971F-92BA-41CA-9A66-3F830082454F}.Release|Any CPU.ActiveCfg = Release|Any CPU
		{A441971F-92BA-41CA-9A66-3F830082454F}.Release|Any CPU.Build.0 = Release|Any CPU
	EndGlobalSection
	GlobalSection(SolutionProperties) = preSolution
		HideSolutionNode = FALSE
	EndGlobalSection
	GlobalSection(ExtensibilityGlobals) = postSolution
		SolutionGuid = {77AB64B6-C743-4656-848A-1ED6F362DD65}
	EndGlobalSection
EndGlobal
