
Microsoft Visual Studio Solution File, Format Version 12.00
# Visual Studio Version 17
VisualStudioVersion = 17.5.33502.453
MinimumVisualStudioVersion = 10.0.40219.1
Project("{FAE04EC0-301F-11D3-BF4B-00C04F79EFBC}") = "Validation", "Validation\Validation.csproj", "{17C9946C-0091-4A24-8C46-B3620CFE32E9}"
EndProject
Global
	GlobalSection(SolutionConfigurationPlatforms) = preSolution
		Debug|Any CPU = Debug|Any CPU
		Release|Any CPU = Release|Any CPU
	EndGlobalSection
	GlobalSection(ProjectConfigurationPlatforms) = postSolution
		{17C9946C-0091-4A24-8C46-B3620CFE32E9}.Debug|Any CPU.ActiveCfg = Debug|Any CPU
		{17C9946C-0091-4A24-8C46-B3620CFE32E9}.Debug|Any CPU.Build.0 = Debug|Any CPU
		{17C9946C-0091-4A24-8C46-B3620CFE32E9}.Release|Any CPU.ActiveCfg = Release|Any CPU
		{17C9946C-0091-4A24-8C46-B3620CFE32E9}.Release|Any CPU.Build.0 = Release|Any CPU
	EndGlobalSection
	GlobalSection(SolutionProperties) = preSolution
		HideSolutionNode = FALSE
	EndGlobalSection
	GlobalSection(ExtensibilityGlobals) = postSolution
		SolutionGuid = {FED2D8D7-08CD-4C8B-82C6-95A130B8BF89}
	EndGlobalSection
EndGlobal
