
Microsoft Visual Studio Solution File, Format Version 12.00
# Visual Studio Version 17
VisualStudioVersion = 17.5.33502.453
MinimumVisualStudioVersion = 10.0.40219.1
Project("{FAE04EC0-301F-11D3-BF4B-00C04F79EFBC}") = "pyramid form1", "pyramid form1\pyramid form1.csproj", "{D092676D-139B-4814-9070-FC056F0AC54A}"
EndProject
Global
	GlobalSection(SolutionConfigurationPlatforms) = preSolution
		Debug|Any CPU = Debug|Any CPU
		Release|Any CPU = Release|Any CPU
	EndGlobalSection
	GlobalSection(ProjectConfigurationPlatforms) = postSolution
		{D092676D-139B-4814-9070-FC056F0AC54A}.Debug|Any CPU.ActiveCfg = Debug|Any CPU
		{D092676D-139B-4814-9070-FC056F0AC54A}.Debug|Any CPU.Build.0 = Debug|Any CPU
		{D092676D-139B-4814-9070-FC056F0AC54A}.Release|Any CPU.ActiveCfg = Release|Any CPU
		{D092676D-139B-4814-9070-FC056F0AC54A}.Release|Any CPU.Build.0 = Release|Any CPU
	EndGlobalSection
	GlobalSection(SolutionProperties) = preSolution
		HideSolutionNode = FALSE
	EndGlobalSection
	GlobalSection(ExtensibilityGlobals) = postSolution
		SolutionGuid = {EF95578E-7F89-42C9-BDD0-48753D1CE541}
	EndGlobalSection
EndGlobal
