
Microsoft Visual Studio Solution File, Format Version 12.00
# Visual Studio Version 17
VisualStudioVersion = 17.5.33502.453
MinimumVisualStudioVersion = 10.0.40219.1
Project("{FAE04EC0-301F-11D3-BF4B-00C04F79EFBC}") = "Abstraction4", "Abstraction4\Abstraction4.csproj", "{84FC0878-0259-4B95-987F-36E4429AA485}"
EndProject
Global
	GlobalSection(SolutionConfigurationPlatforms) = preSolution
		Debug|Any CPU = Debug|Any CPU
		Release|Any CPU = Release|Any CPU
	EndGlobalSection
	GlobalSection(ProjectConfigurationPlatforms) = postSolution
		{84FC0878-0259-4B95-987F-36E4429AA485}.Debug|Any CPU.ActiveCfg = Debug|Any CPU
		{84FC0878-0259-4B95-987F-36E4429AA485}.Debug|Any CPU.Build.0 = Debug|Any CPU
		{84FC0878-0259-4B95-987F-36E4429AA485}.Release|Any CPU.ActiveCfg = Release|Any CPU
		{84FC0878-0259-4B95-987F-36E4429AA485}.Release|Any CPU.Build.0 = Release|Any CPU
	EndGlobalSection
	GlobalSection(SolutionProperties) = preSolution
		HideSolutionNode = FALSE
	EndGlobalSection
	GlobalSection(ExtensibilityGlobals) = postSolution
		SolutionGuid = {9BD53951-2FFE-4004-A859-EDEAA7F939FB}
	EndGlobalSection
EndGlobal
