
Microsoft Visual Studio Solution File, Format Version 12.00
# Visual Studio Version 17
VisualStudioVersion = 17.5.33502.453
MinimumVisualStudioVersion = 10.0.40219.1
Project("{FAE04EC0-301F-11D3-BF4B-00C04F79EFBC}") = "Array 2 Search element", "Array 2 Search element\Array 2 Search element.csproj", "{29A01A0B-4010-4239-8D3E-0E0621D5D437}"
EndProject
Global
	GlobalSection(SolutionConfigurationPlatforms) = preSolution
		Debug|Any CPU = Debug|Any CPU
		Release|Any CPU = Release|Any CPU
	EndGlobalSection
	GlobalSection(ProjectConfigurationPlatforms) = postSolution
		{29A01A0B-4010-4239-8D3E-0E0621D5D437}.Debug|Any CPU.ActiveCfg = Debug|Any CPU
		{29A01A0B-4010-4239-8D3E-0E0621D5D437}.Debug|Any CPU.Build.0 = Debug|Any CPU
		{29A01A0B-4010-4239-8D3E-0E0621D5D437}.Release|Any CPU.ActiveCfg = Release|Any CPU
		{29A01A0B-4010-4239-8D3E-0E0621D5D437}.Release|Any CPU.Build.0 = Release|Any CPU
	EndGlobalSection
	GlobalSection(SolutionProperties) = preSolution
		HideSolutionNode = FALSE
	EndGlobalSection
	GlobalSection(ExtensibilityGlobals) = postSolution
		SolutionGuid = {DBC695BD-CFF4-45DC-B89C-A3EA38A3BDF5}
	EndGlobalSection
EndGlobal
