
Microsoft Visual Studio Solution File, Format Version 12.00
# Visual Studio Version 17
VisualStudioVersion = 17.5.33502.453
MinimumVisualStudioVersion = 10.0.40219.1
Project("{FAE04EC0-301F-11D3-BF4B-00C04F79EFBC}") = "58 program", "58 program\58 program.csproj", "{5C1706C8-0BF4-4031-A747-24F592F2739E}"
EndProject
Global
	GlobalSection(SolutionConfigurationPlatforms) = preSolution
		Debug|Any CPU = Debug|Any CPU
		Release|Any CPU = Release|Any CPU
	EndGlobalSection
	GlobalSection(ProjectConfigurationPlatforms) = postSolution
		{5C1706C8-0BF4-4031-A747-24F592F2739E}.Debug|Any CPU.ActiveCfg = Debug|Any CPU
		{5C1706C8-0BF4-4031-A747-24F592F2739E}.Debug|Any CPU.Build.0 = Debug|Any CPU
		{5C1706C8-0BF4-4031-A747-24F592F2739E}.Release|Any CPU.ActiveCfg = Release|Any CPU
		{5C1706C8-0BF4-4031-A747-24F592F2739E}.Release|Any CPU.Build.0 = Release|Any CPU
	EndGlobalSection
	GlobalSection(SolutionProperties) = preSolution
		HideSolutionNode = FALSE
	EndGlobalSection
	GlobalSection(ExtensibilityGlobals) = postSolution
		SolutionGuid = {03A5F661-1C10-4E92-9CF0-5894E9AE0AFB}
	EndGlobalSection
EndGlobal
