
Microsoft Visual Studio Solution File, Format Version 12.00
# Visual Studio Version 17
VisualStudioVersion = 17.5.33502.453
MinimumVisualStudioVersion = 10.0.40219.1
Project("{FAE04EC0-301F-11D3-BF4B-00C04F79EFBC}") = "forms for add sub", "forms for add sub\forms for add sub.csproj", "{ADA47144-6BAB-4835-8FEE-5A372824DBFD}"
EndProject
Global
	GlobalSection(SolutionConfigurationPlatforms) = preSolution
		Debug|Any CPU = Debug|Any CPU
		Release|Any CPU = Release|Any CPU
	EndGlobalSection
	GlobalSection(ProjectConfigurationPlatforms) = postSolution
		{ADA47144-6BAB-4835-8FEE-5A372824DBFD}.Debug|Any CPU.ActiveCfg = Debug|Any CPU
		{ADA47144-6BAB-4835-8FEE-5A372824DBFD}.Debug|Any CPU.Build.0 = Debug|Any CPU
		{ADA47144-6BAB-4835-8FEE-5A372824DBFD}.Release|Any CPU.ActiveCfg = Release|Any CPU
		{ADA47144-6BAB-4835-8FEE-5A372824DBFD}.Release|Any CPU.Build.0 = Release|Any CPU
	EndGlobalSection
	GlobalSection(SolutionProperties) = preSolution
		HideSolutionNode = FALSE
	EndGlobalSection
	GlobalSection(ExtensibilityGlobals) = postSolution
		SolutionGuid = {1290A469-4B64-4413-A68D-6318D215C3CB}
	EndGlobalSection
EndGlobal
