
Microsoft Visual Studio Solution File, Format Version 12.00
# Visual Studio Version 17
VisualStudioVersion = 17.5.33502.453
MinimumVisualStudioVersion = 10.0.40219.1
Project("{FAE04EC0-301F-11D3-BF4B-00C04F79EFBC}") = "Returning an array", "Returning an array\Returning an array.csproj", "{49EFC4A6-B656-475F-840F-4AE360A46EFD}"
EndProject
Global
	GlobalSection(SolutionConfigurationPlatforms) = preSolution
		Debug|Any CPU = Debug|Any CPU
		Release|Any CPU = Release|Any CPU
	EndGlobalSection
	GlobalSection(ProjectConfigurationPlatforms) = postSolution
		{49EFC4A6-B656-475F-840F-4AE360A46EFD}.Debug|Any CPU.ActiveCfg = Debug|Any CPU
		{49EFC4A6-B656-475F-840F-4AE360A46EFD}.Debug|Any CPU.Build.0 = Debug|Any CPU
		{49EFC4A6-B656-475F-840F-4AE360A46EFD}.Release|Any CPU.ActiveCfg = Release|Any CPU
		{49EFC4A6-B656-475F-840F-4AE360A46EFD}.Release|Any CPU.Build.0 = Release|Any CPU
	EndGlobalSection
	GlobalSection(SolutionProperties) = preSolution
		HideSolutionNode = FALSE
	EndGlobalSection
	GlobalSection(ExtensibilityGlobals) = postSolution
		SolutionGuid = {46169893-A21E-4936-A17F-E86A35CDCD21}
	EndGlobalSection
EndGlobal
