
Microsoft Visual Studio Solution File, Format Version 12.00
# Visual Studio Version 17
VisualStudioVersion = 17.5.33502.453
MinimumVisualStudioVersion = 10.0.40219.1
Project("{FAE04EC0-301F-11D3-BF4B-00C04F79EFBC}") = "array of 3 element by float", "array of 3 element by float\array of 3 element by float.csproj", "{652E3E8C-CAAD-4873-A8D0-2B7A04ADC14B}"
EndProject
Global
	GlobalSection(SolutionConfigurationPlatforms) = preSolution
		Debug|Any CPU = Debug|Any CPU
		Release|Any CPU = Release|Any CPU
	EndGlobalSection
	GlobalSection(ProjectConfigurationPlatforms) = postSolution
		{652E3E8C-CAAD-4873-A8D0-2B7A04ADC14B}.Debug|Any CPU.ActiveCfg = Debug|Any CPU
		{652E3E8C-CAAD-4873-A8D0-2B7A04ADC14B}.Debug|Any CPU.Build.0 = Debug|Any CPU
		{652E3E8C-CAAD-4873-A8D0-2B7A04ADC14B}.Release|Any CPU.ActiveCfg = Release|Any CPU
		{652E3E8C-CAAD-4873-A8D0-2B7A04ADC14B}.Release|Any CPU.Build.0 = Release|Any CPU
	EndGlobalSection
	GlobalSection(SolutionProperties) = preSolution
		HideSolutionNode = FALSE
	EndGlobalSection
	GlobalSection(ExtensibilityGlobals) = postSolution
		SolutionGuid = {B12EFA68-780D-44EF-8E5B-E37BD4325AB5}
	EndGlobalSection
EndGlobal
