
Microsoft Visual Studio Solution File, Format Version 12.00
# Visual Studio Version 17
VisualStudioVersion = 17.5.33502.453
MinimumVisualStudioVersion = 10.0.40219.1
Project("{FAE04EC0-301F-11D3-BF4B-00C04F79EFBC}") = "5 Student names", "5 Student names\5 Student names.csproj", "{160F84D8-A545-4EDB-8690-032DE3A31C1A}"
EndProject
Global
	GlobalSection(SolutionConfigurationPlatforms) = preSolution
		Debug|Any CPU = Debug|Any CPU
		Release|Any CPU = Release|Any CPU
	EndGlobalSection
	GlobalSection(ProjectConfigurationPlatforms) = postSolution
		{160F84D8-A545-4EDB-8690-032DE3A31C1A}.Debug|Any CPU.ActiveCfg = Debug|Any CPU
		{160F84D8-A545-4EDB-8690-032DE3A31C1A}.Debug|Any CPU.Build.0 = Debug|Any CPU
		{160F84D8-A545-4EDB-8690-032DE3A31C1A}.Release|Any CPU.ActiveCfg = Release|Any CPU
		{160F84D8-A545-4EDB-8690-032DE3A31C1A}.Release|Any CPU.Build.0 = Release|Any CPU
	EndGlobalSection
	GlobalSection(SolutionProperties) = preSolution
		HideSolutionNode = FALSE
	EndGlobalSection
	GlobalSection(ExtensibilityGlobals) = postSolution
		SolutionGuid = {69883FAF-832D-427B-8017-14F29F42B338}
	EndGlobalSection
EndGlobal
