
Microsoft Visual Studio Solution File, Format Version 12.00
# Visual Studio Version 17
VisualStudioVersion = 17.5.33502.453
MinimumVisualStudioVersion = 10.0.40219.1
Project("{FAE04EC0-301F-11D3-BF4B-00C04F79EFBC}") = "product user input", "product user input\product user input.csproj", "{D3D08FDB-871C-4FC0-952B-5678E821C8C0}"
EndProject
Global
	GlobalSection(SolutionConfigurationPlatforms) = preSolution
		Debug|Any CPU = Debug|Any CPU
		Release|Any CPU = Release|Any CPU
	EndGlobalSection
	GlobalSection(ProjectConfigurationPlatforms) = postSolution
		{D3D08FDB-871C-4FC0-952B-5678E821C8C0}.Debug|Any CPU.ActiveCfg = Debug|Any CPU
		{D3D08FDB-871C-4FC0-952B-5678E821C8C0}.Debug|Any CPU.Build.0 = Debug|Any CPU
		{D3D08FDB-871C-4FC0-952B-5678E821C8C0}.Release|Any CPU.ActiveCfg = Release|Any CPU
		{D3D08FDB-871C-4FC0-952B-5678E821C8C0}.Release|Any CPU.Build.0 = Release|Any CPU
	EndGlobalSection
	GlobalSection(SolutionProperties) = preSolution
		HideSolutionNode = FALSE
	EndGlobalSection
	GlobalSection(ExtensibilityGlobals) = postSolution
		SolutionGuid = {09744C66-962B-4712-922E-6835CFFE64E0}
	EndGlobalSection
EndGlobal
