
Microsoft Visual Studio Solution File, Format Version 12.00
# Visual Studio Version 17
VisualStudioVersion = 17.5.33502.453
MinimumVisualStudioVersion = 10.0.40219.1
Project("{FAE04EC0-301F-11D3-BF4B-00C04F79EFBC}") = "sort array", "sort array\sort array.csproj", "{2AFB0368-5644-4517-B7CC-353034787ECE}"
EndProject
Global
	GlobalSection(SolutionConfigurationPlatforms) = preSolution
		Debug|Any CPU = Debug|Any CPU
		Release|Any CPU = Release|Any CPU
	EndGlobalSection
	GlobalSection(ProjectConfigurationPlatforms) = postSolution
		{2AFB0368-5644-4517-B7CC-353034787ECE}.Debug|Any CPU.ActiveCfg = Debug|Any CPU
		{2AFB0368-5644-4517-B7CC-353034787ECE}.Debug|Any CPU.Build.0 = Debug|Any CPU
		{2AFB0368-5644-4517-B7CC-353034787ECE}.Release|Any CPU.ActiveCfg = Release|Any CPU
		{2AFB0368-5644-4517-B7CC-353034787ECE}.Release|Any CPU.Build.0 = Release|Any CPU
	EndGlobalSection
	GlobalSection(SolutionProperties) = preSolution
		HideSolutionNode = FALSE
	EndGlobalSection
	GlobalSection(ExtensibilityGlobals) = postSolution
		SolutionGuid = {8C97002B-C581-4120-8344-3D2F7A2EC19C}
	EndGlobalSection
EndGlobal
