
Microsoft Visual Studio Solution File, Format Version 12.00
# Visual Studio Version 17
VisualStudioVersion = 17.5.33502.453
MinimumVisualStudioVersion = 10.0.40219.1
Project("{FAE04EC0-301F-11D3-BF4B-00C04F79EFBC}") = "oops class car", "oops class car\oops class car.csproj", "{690A9930-8B21-4B69-BDC7-6E87A8695449}"
EndProject
Global
	GlobalSection(SolutionConfigurationPlatforms) = preSolution
		Debug|Any CPU = Debug|Any CPU
		Release|Any CPU = Release|Any CPU
	EndGlobalSection
	GlobalSection(ProjectConfigurationPlatforms) = postSolution
		{690A9930-8B21-4B69-BDC7-6E87A8695449}.Debug|Any CPU.ActiveCfg = Debug|Any CPU
		{690A9930-8B21-4B69-BDC7-6E87A8695449}.Debug|Any CPU.Build.0 = Debug|Any CPU
		{690A9930-8B21-4B69-BDC7-6E87A8695449}.Release|Any CPU.ActiveCfg = Release|Any CPU
		{690A9930-8B21-4B69-BDC7-6E87A8695449}.Release|Any CPU.Build.0 = Release|Any CPU
	EndGlobalSection
	GlobalSection(SolutionProperties) = preSolution
		HideSolutionNode = FALSE
	EndGlobalSection
	GlobalSection(ExtensibilityGlobals) = postSolution
		SolutionGuid = {614B01CB-1BB2-4E6E-94AA-C67FF3F39E49}
	EndGlobalSection
EndGlobal
