
Microsoft Visual Studio Solution File, Format Version 12.00
# Visual Studio Version 17
VisualStudioVersion = 17.5.33502.453
MinimumVisualStudioVersion = 10.0.40219.1
Project("{FAE04EC0-301F-11D3-BF4B-00C04F79EFBC}") = "Star pattern pyramid,daimond", "Star pattern pyramid,daimond\Star pattern pyramid,daimond.csproj", "{F066E6B6-AF63-4C69-84B4-191FAABEA4E1}"
EndProject
Global
	GlobalSection(SolutionConfigurationPlatforms) = preSolution
		Debug|Any CPU = Debug|Any CPU
		Release|Any CPU = Release|Any CPU
	EndGlobalSection
	GlobalSection(ProjectConfigurationPlatforms) = postSolution
		{F066E6B6-AF63-4C69-84B4-191FAABEA4E1}.Debug|Any CPU.ActiveCfg = Debug|Any CPU
		{F066E6B6-AF63-4C69-84B4-191FAABEA4E1}.Debug|Any CPU.Build.0 = Debug|Any CPU
		{F066E6B6-AF63-4C69-84B4-191FAABEA4E1}.Release|Any CPU.ActiveCfg = Release|Any CPU
		{F066E6B6-AF63-4C69-84B4-191FAABEA4E1}.Release|Any CPU.Build.0 = Release|Any CPU
	EndGlobalSection
	GlobalSection(SolutionProperties) = preSolution
		HideSolutionNode = FALSE
	EndGlobalSection
	GlobalSection(ExtensibilityGlobals) = postSolution
		SolutionGuid = {E34CCE72-BC29-4832-8FEB-AF3683559AB6}
	EndGlobalSection
EndGlobal
