
Microsoft Visual Studio Solution File, Format Version 12.00
# Visual Studio Version 17
VisualStudioVersion = 17.5.33502.453
MinimumVisualStudioVersion = 10.0.40219.1
Project("{FAE04EC0-301F-11D3-BF4B-00C04F79EFBC}") = "Method overloading", "Method overloading\Method overloading.csproj", "{D2155241-C12B-4E3C-9970-4887EDCB722F}"
EndProject
Global
	GlobalSection(SolutionConfigurationPlatforms) = preSolution
		Debug|Any CPU = Debug|Any CPU
		Release|Any CPU = Release|Any CPU
	EndGlobalSection
	GlobalSection(ProjectConfigurationPlatforms) = postSolution
		{D2155241-C12B-4E3C-9970-4887EDCB722F}.Debug|Any CPU.ActiveCfg = Debug|Any CPU
		{D2155241-C12B-4E3C-9970-4887EDCB722F}.Debug|Any CPU.Build.0 = Debug|Any CPU
		{D2155241-C12B-4E3C-9970-4887EDCB722F}.Release|Any CPU.ActiveCfg = Release|Any CPU
		{D2155241-C12B-4E3C-9970-4887EDCB722F}.Release|Any CPU.Build.0 = Release|Any CPU
	EndGlobalSection
	GlobalSection(SolutionProperties) = preSolution
		HideSolutionNode = FALSE
	EndGlobalSection
	GlobalSection(ExtensibilityGlobals) = postSolution
		SolutionGuid = {0AE4DF75-2871-43B0-BDFC-DE4925D70356}
	EndGlobalSection
EndGlobal
