
Microsoft Visual Studio Solution File, Format Version 12.00
# Visual Studio Version 17
VisualStudioVersion = 17.5.33502.453
MinimumVisualStudioVersion = 10.0.40219.1
Project("{FAE04EC0-301F-11D3-BF4B-00C04F79EFBC}") = "3 Interface", "3 Interface\3 Interface.csproj", "{CA99D261-21E4-45DE-9C70-347818249035}"
EndProject
Global
	GlobalSection(SolutionConfigurationPlatforms) = preSolution
		Debug|Any CPU = Debug|Any CPU
		Release|Any CPU = Release|Any CPU
	EndGlobalSection
	GlobalSection(ProjectConfigurationPlatforms) = postSolution
		{CA99D261-21E4-45DE-9C70-347818249035}.Debug|Any CPU.ActiveCfg = Debug|Any CPU
		{CA99D261-21E4-45DE-9C70-347818249035}.Debug|Any CPU.Build.0 = Debug|Any CPU
		{CA99D261-21E4-45DE-9C70-347818249035}.Release|Any CPU.ActiveCfg = Release|Any CPU
		{CA99D261-21E4-45DE-9C70-347818249035}.Release|Any CPU.Build.0 = Release|Any CPU
	EndGlobalSection
	GlobalSection(SolutionProperties) = preSolution
		HideSolutionNode = FALSE
	EndGlobalSection
	GlobalSection(ExtensibilityGlobals) = postSolution
		SolutionGuid = {4CB0DE6B-5F3F-4F97-AF33-A01AD847BB65}
	EndGlobalSection
EndGlobal
