
Microsoft Visual Studio Solution File, Format Version 12.00
# Visual Studio Version 17
VisualStudioVersion = 17.5.33502.453
MinimumVisualStudioVersion = 10.0.40219.1
Project("{FAE04EC0-301F-11D3-BF4B-00C04F79EFBC}") = "Encapsulation2", "Encapsulation2\Encapsulation2.csproj", "{E81AA745-CB04-42A3-8EB8-2B7697EDA049}"
EndProject
Global
	GlobalSection(SolutionConfigurationPlatforms) = preSolution
		Debug|Any CPU = Debug|Any CPU
		Release|Any CPU = Release|Any CPU
	EndGlobalSection
	GlobalSection(ProjectConfigurationPlatforms) = postSolution
		{E81AA745-CB04-42A3-8EB8-2B7697EDA049}.Debug|Any CPU.ActiveCfg = Debug|Any CPU
		{E81AA745-CB04-42A3-8EB8-2B7697EDA049}.Debug|Any CPU.Build.0 = Debug|Any CPU
		{E81AA745-CB04-42A3-8EB8-2B7697EDA049}.Release|Any CPU.ActiveCfg = Release|Any CPU
		{E81AA745-CB04-42A3-8EB8-2B7697EDA049}.Release|Any CPU.Build.0 = Release|Any CPU
	EndGlobalSection
	GlobalSection(SolutionProperties) = preSolution
		HideSolutionNode = FALSE
	EndGlobalSection
	GlobalSection(ExtensibilityGlobals) = postSolution
		SolutionGuid = {0DBC020B-1F69-4CA6-AD1F-BD8B46E5A072}
	EndGlobalSection
EndGlobal
