
Microsoft Visual Studio Solution File, Format Version 12.00
# Visual Studio Version 17
VisualStudioVersion = 17.5.33502.453
MinimumVisualStudioVersion = 10.0.40219.1
Project("{FAE04EC0-301F-11D3-BF4B-00C04F79EFBC}") = "form for square", "form for square\form for square.csproj", "{F981D14A-D754-4724-AD70-DD9F5CDC4F4D}"
EndProject
Global
	GlobalSection(SolutionConfigurationPlatforms) = preSolution
		Debug|Any CPU = Debug|Any CPU
		Release|Any CPU = Release|Any CPU
	EndGlobalSection
	GlobalSection(ProjectConfigurationPlatforms) = postSolution
		{F981D14A-D754-4724-AD70-DD9F5CDC4F4D}.Debug|Any CPU.ActiveCfg = Debug|Any CPU
		{F981D14A-D754-4724-AD70-DD9F5CDC4F4D}.Debug|Any CPU.Build.0 = Debug|Any CPU
		{F981D14A-D754-4724-AD70-DD9F5CDC4F4D}.Release|Any CPU.ActiveCfg = Release|Any CPU
		{F981D14A-D754-4724-AD70-DD9F5CDC4F4D}.Release|Any CPU.Build.0 = Release|Any CPU
	EndGlobalSection
	GlobalSection(SolutionProperties) = preSolution
		HideSolutionNode = FALSE
	EndGlobalSection
	GlobalSection(ExtensibilityGlobals) = postSolution
		SolutionGuid = {64297E82-7E9B-4A78-A3E5-081DD4B65B44}
	EndGlobalSection
EndGlobal
