
Microsoft Visual Studio Solution File, Format Version 12.00
# Visual Studio Version 17
VisualStudioVersion = 17.5.33502.453
MinimumVisualStudioVersion = 10.0.40219.1
Project("{FAE04EC0-301F-11D3-BF4B-00C04F79EFBC}") = "ConsoleApp3", "ConsoleApp3\ConsoleApp3.csproj", "{B843CEFB-D3DD-4D00-A6D9-F7B7008DA312}"
EndProject
Global
	GlobalSection(SolutionConfigurationPlatforms) = preSolution
		Debug|Any CPU = Debug|Any CPU
		Release|Any CPU = Release|Any CPU
	EndGlobalSection
	GlobalSection(ProjectConfigurationPlatforms) = postSolution
		{B843CEFB-D3DD-4D00-A6D9-F7B7008DA312}.Debug|Any CPU.ActiveCfg = Debug|Any CPU
		{B843CEFB-D3DD-4D00-A6D9-F7B7008DA312}.Debug|Any CPU.Build.0 = Debug|Any CPU
		{B843CEFB-D3DD-4D00-A6D9-F7B7008DA312}.Release|Any CPU.ActiveCfg = Release|Any CPU
		{B843CEFB-D3DD-4D00-A6D9-F7B7008DA312}.Release|Any CPU.Build.0 = Release|Any CPU
	EndGlobalSection
	GlobalSection(SolutionProperties) = preSolution
		HideSolutionNode = FALSE
	EndGlobalSection
	GlobalSection(ExtensibilityGlobals) = postSolution
		SolutionGuid = {737D3414-961D-411B-9D03-025075F8551A}
	EndGlobalSection
EndGlobal
