
Microsoft Visual Studio Solution File, Format Version 12.00
# Visual Studio Version 17
VisualStudioVersion = 17.5.33502.453
MinimumVisualStudioVersion = 10.0.40219.1
Project("{FAE04EC0-301F-11D3-BF4B-00C04F79EFBC}") = "cls product constructor parameter", "cls product constructor parameter\cls product constructor parameter.csproj", "{7FA76BB8-591D-4721-A24B-6733E365652F}"
EndProject
Global
	GlobalSection(SolutionConfigurationPlatforms) = preSolution
		Debug|Any CPU = Debug|Any CPU
		Release|Any CPU = Release|Any CPU
	EndGlobalSection
	GlobalSection(ProjectConfigurationPlatforms) = postSolution
		{7FA76BB8-591D-4721-A24B-6733E365652F}.Debug|Any CPU.ActiveCfg = Debug|Any CPU
		{7FA76BB8-591D-4721-A24B-6733E365652F}.Debug|Any CPU.Build.0 = Debug|Any CPU
		{7FA76BB8-591D-4721-A24B-6733E365652F}.Release|Any CPU.ActiveCfg = Release|Any CPU
		{7FA76BB8-591D-4721-A24B-6733E365652F}.Release|Any CPU.Build.0 = Release|Any CPU
	EndGlobalSection
	GlobalSection(SolutionProperties) = preSolution
		HideSolutionNode = FALSE
	EndGlobalSection
	GlobalSection(ExtensibilityGlobals) = postSolution
		SolutionGuid = {DFE73B44-CFE8-4254-8661-9FD2040ED86F}
	EndGlobalSection
EndGlobal
