
Microsoft Visual Studio Solution File, Format Version 12.00
# Visual Studio Version 17
VisualStudioVersion = 17.5.33502.453
MinimumVisualStudioVersion = 10.0.40219.1
Project("{FAE04EC0-301F-11D3-BF4B-00C04F79EFBC}") = "single inheritance 1", "single inheritance 1\single inheritance 1.csproj", "{129513FD-1E8B-42F9-953B-EAD52DE14CB5}"
EndProject
Global
	GlobalSection(SolutionConfigurationPlatforms) = preSolution
		Debug|Any CPU = Debug|Any CPU
		Release|Any CPU = Release|Any CPU
	EndGlobalSection
	GlobalSection(ProjectConfigurationPlatforms) = postSolution
		{129513FD-1E8B-42F9-953B-EAD52DE14CB5}.Debug|Any CPU.ActiveCfg = Debug|Any CPU
		{129513FD-1E8B-42F9-953B-EAD52DE14CB5}.Debug|Any CPU.Build.0 = Debug|Any CPU
		{129513FD-1E8B-42F9-953B-EAD52DE14CB5}.Release|Any CPU.ActiveCfg = Release|Any CPU
		{129513FD-1E8B-42F9-953B-EAD52DE14CB5}.Release|Any CPU.Build.0 = Release|Any CPU
	EndGlobalSection
	GlobalSection(SolutionProperties) = preSolution
		HideSolutionNode = FALSE
	EndGlobalSection
	GlobalSection(ExtensibilityGlobals) = postSolution
		SolutionGuid = {4027BDB7-07A9-4CF0-A8B7-B3B614BD0FAE}
	EndGlobalSection
EndGlobal
