
Microsoft Visual Studio Solution File, Format Version 12.00
# Visual Studio Version 17
VisualStudioVersion = 17.5.33502.453
MinimumVisualStudioVersion = 10.0.40219.1
Project("{FAE04EC0-301F-11D3-BF4B-00C04F79EFBC}") = "47 program", "47 program\47 program.csproj", "{904C588F-70A8-4760-8603-9DED35BAF717}"
EndProject
Global
	GlobalSection(SolutionConfigurationPlatforms) = preSolution
		Debug|Any CPU = Debug|Any CPU
		Release|Any CPU = Release|Any CPU
	EndGlobalSection
	GlobalSection(ProjectConfigurationPlatforms) = postSolution
		{904C588F-70A8-4760-8603-9DED35BAF717}.Debug|Any CPU.ActiveCfg = Debug|Any CPU
		{904C588F-70A8-4760-8603-9DED35BAF717}.Debug|Any CPU.Build.0 = Debug|Any CPU
		{904C588F-70A8-4760-8603-9DED35BAF717}.Release|Any CPU.ActiveCfg = Release|Any CPU
		{904C588F-70A8-4760-8603-9DED35BAF717}.Release|Any CPU.Build.0 = Release|Any CPU
	EndGlobalSection
	GlobalSection(SolutionProperties) = preSolution
		HideSolutionNode = FALSE
	EndGlobalSection
	GlobalSection(ExtensibilityGlobals) = postSolution
		SolutionGuid = {8FBECD4F-9C63-46A0-8893-53C7C1D55369}
	EndGlobalSection
EndGlobal
