
Microsoft Visual Studio Solution File, Format Version 12.00
# Visual Studio Version 17
VisualStudioVersion = 17.5.33502.453
MinimumVisualStudioVersion = 10.0.40219.1
Project("{FAE04EC0-301F-11D3-BF4B-00C04F79EFBC}") = "Clear method", "Clear method\Clear method.csproj", "{852E77CE-5557-4DD3-8076-AE8BBE49ACC2}"
EndProject
Global
	GlobalSection(SolutionConfigurationPlatforms) = preSolution
		Debug|Any CPU = Debug|Any CPU
		Release|Any CPU = Release|Any CPU
	EndGlobalSection
	GlobalSection(ProjectConfigurationPlatforms) = postSolution
		{852E77CE-5557-4DD3-8076-AE8BBE49ACC2}.Debug|Any CPU.ActiveCfg = Debug|Any CPU
		{852E77CE-5557-4DD3-8076-AE8BBE49ACC2}.Debug|Any CPU.Build.0 = Debug|Any CPU
		{852E77CE-5557-4DD3-8076-AE8BBE49ACC2}.Release|Any CPU.ActiveCfg = Release|Any CPU
		{852E77CE-5557-4DD3-8076-AE8BBE49ACC2}.Release|Any CPU.Build.0 = Release|Any CPU
	EndGlobalSection
	GlobalSection(SolutionProperties) = preSolution
		HideSolutionNode = FALSE
	EndGlobalSection
	GlobalSection(ExtensibilityGlobals) = postSolution
		SolutionGuid = {8E82DA54-E799-4CDA-83F5-6F199D949CBD}
	EndGlobalSection
EndGlobal
